# @generated - this file is auto-generated by `mise lock` https://mise.jdx.dev/dev-tools/mise-lock.html

[[tools."aqua:ducaale/xh"]]
version = "0.26.2"
backend = "aqua:ducaale/xh"

[tools."aqua:ducaale/xh"."platforms.linux-arm64"]
checksum = "sha256:3a44900a8ac53f614aa0cd1d2e54ecf4e93584384c1ad091aa18d7992686d7eb"
url = "https://github.com/ducaale/xh/releases/download/v0.26.2/xh-v0.26.2-aarch64-unknown-linux-musl.tar.gz"
url_api = "https://api.github.com/repos/ducaale/xh/releases/assets/490411000"

[tools."aqua:ducaale/xh"."platforms.linux-x64"]
checksum = "sha256:8c53b6a23435754f9e2ea8ab8c0d0296a1921404b88132cf9b364ff6e8c22a6e"
url = "https://github.com/ducaale/xh/releases/download/v0.26.2/xh-v0.26.2-x86_64-unknown-linux-musl.tar.gz"
url_api = "https://api.github.com/repos/ducaale/xh/releases/assets/490410371"

[tools."aqua:ducaale/xh"."platforms.macos-arm64"]
checksum = "sha256:cc5739d061a8469d0011ca0ab92d4a5cd726cc56f0ef30108953b119f54d0719"
url = "https://github.com/ducaale/xh/releases/download/v0.26.2/xh-v0.26.2-aarch64-apple-darwin.tar.gz"
url_api = "https://api.github.com/repos/ducaale/xh/releases/assets/490409756"

[tools."aqua:ducaale/xh"."platforms.macos-x64"]
checksum = "sha256:1f19ae1a2f411c58bd6943c638472cd5c4179ed019fe4f786e524b27da4c14a2"
url = "https://github.com/ducaale/xh/releases/download/v0.26.2/xh-v0.26.2-x86_64-apple-darwin.tar.gz"
url_api = "https://api.github.com/repos/ducaale/xh/releases/assets/490411268"

[tools."aqua:ducaale/xh"."platforms.windows-x64"]
checksum = "sha256:7907c1ef225382fb5955c8274aa23e31b70622c4d39dbc76cf945dc8ce15a78d"
url = "https://github.com/ducaale/xh/releases/download/v0.26.2/xh-v0.26.2-x86_64-pc-windows-msvc.zip"
url_api = "https://api.github.com/repos/ducaale/xh/releases/assets/490411898"

[[tools."aqua:ip7z/7zip"]]
version = "26.02"
backend = "aqua:ip7z/7zip"

[tools."aqua:ip7z/7zip"."platforms.linux-arm64"]
checksum = "sha256:70ea6cc737ae1495ea2d7eb20ef3120fe579bd3f1a83a9d2362b62ec5bde2bba"
url = "https://github.com/ip7z/7zip/releases/download/26.02/7z2602-linux-arm64.tar.xz"
url_api = "https://api.github.com/repos/ip7z/7zip/releases/assets/458363897"

[tools."aqua:ip7z/7zip"."platforms.linux-x64"]
checksum = "sha256:41aaba7b1235304ab5aa0624530c67ae829496cd29e875925271efdccc28c03e"
url = "https://github.com/ip7z/7zip/releases/download/26.02/7z2602-linux-x64.tar.xz"
url_api = "https://api.github.com/repos/ip7z/7zip/releases/assets/458363910"

[tools."aqua:ip7z/7zip"."platforms.macos-arm64"]
checksum = "sha256:1cf6760579502f87e591ff5c73a005ec50b3e4d6f507e8b038382d563c3175b9"
url = "https://github.com/ip7z/7zip/releases/download/26.02/7z2602-mac.tar.xz"
url_api = "https://api.github.com/repos/ip7z/7zip/releases/assets/458364002"

[tools."aqua:ip7z/7zip"."platforms.macos-x64"]
checksum = "sha256:1cf6760579502f87e591ff5c73a005ec50b3e4d6f507e8b038382d563c3175b9"
url = "https://github.com/ip7z/7zip/releases/download/26.02/7z2602-mac.tar.xz"
url_api = "https://api.github.com/repos/ip7z/7zip/releases/assets/458364002"

[tools."aqua:ip7z/7zip"."platforms.windows-x64"]
checksum = "sha256:081df9e9311dfd9c9e0e98c1c80180b99bb51e4cb24156b5f3057fe3c259d70a"
url = "https://github.com/ip7z/7zip/releases/download/26.02/7z2602-extra.7z"
url_api = "https://api.github.com/repos/ip7z/7zip/releases/assets/458363818"

[[tools.cargo-release]]
version = "1.1.5"
backend = "github:crate-ci/cargo-release"

[tools.cargo-release."platforms.linux-arm64"]
checksum = "sha256:d21b6b274b5ec369b465af4882cc31ff1f9c589b5569ea6eb4eac61882b27f9e"
url = "https://github.com/crate-ci/cargo-release/releases/download/v1.1.5/cargo-release-v1.1.5-aarch64-unknown-linux-musl.tar.gz"
url_api = "https://api.github.com/repos/crate-ci/cargo-release/releases/assets/510346210"
provenance = "github-attestations"

[tools.cargo-release."platforms.linux-x64"]
checksum = "sha256:229b9979a5dce8ea0baa65a8f91c913bac4f3f6e4c6d925fc0674aeebb1370f3"
url = "https://github.com/crate-ci/cargo-release/releases/download/v1.1.5/cargo-release-v1.1.5-x86_64-unknown-linux-musl.tar.gz"
url_api = "https://api.github.com/repos/crate-ci/cargo-release/releases/assets/510346479"
provenance = "github-attestations"

[tools.cargo-release."platforms.macos-arm64"]
checksum = "sha256:85bfeffd63a8d8dd260032e6b5088954ac4c9514db8aef3a7afc76082bc89813"
url = "https://github.com/crate-ci/cargo-release/releases/download/v1.1.5/cargo-release-v1.1.5-aarch64-apple-darwin.tar.gz"
url_api = "https://api.github.com/repos/crate-ci/cargo-release/releases/assets/510347358"
provenance = "github-attestations"
provenance_verified = true

[tools.cargo-release."platforms.macos-x64"]
checksum = "sha256:ebfdb4ec6d5aaf625edda0b79c903405e2f1871b490ae772f819d8f4c1386706"
url = "https://github.com/crate-ci/cargo-release/releases/download/v1.1.5/cargo-release-v1.1.5-x86_64-apple-darwin.tar.gz"
url_api = "https://api.github.com/repos/crate-ci/cargo-release/releases/assets/510347751"
provenance = "github-attestations"

[tools.cargo-release."platforms.windows-x64"]
checksum = "sha256:c77962b37da29549cb3f87364930f3f5cc68d625a776359be48e7fa7ce0dfa4c"
url = "https://github.com/crate-ci/cargo-release/releases/download/v1.1.5/cargo-release-v1.1.5-x86_64-pc-windows-msvc.zip"
url_api = "https://api.github.com/repos/crate-ci/cargo-release/releases/assets/510347954"
provenance = "github-attestations"
