# @generated - this file is auto-generated by `mise lock` https://mise.jdx.dev/dev-tools/mise-lock.html

[[tools."http:pyodide"]]
version = "0.29.3"
backend = "http:pyodide"

[tools."http:pyodide".options]
strip_components = "1"

[tools."http:pyodide"."platforms.linux-arm64"]
checksum = "blake3:365550a05a3f99770df0d71b45a7cbd3a8817cfc5742870c6333fe9ab8313ec2"
url = "https://github.com/pyodide/pyodide/releases/download/0.29.3/pyodide-0.29.3.tar.bz2"

[tools."http:pyodide"."platforms.linux-x64"]
url = "https://github.com/pyodide/pyodide/releases/download/0.29.3/pyodide-0.29.3.tar.bz2"

[tools."http:pyodide"."platforms.macos-arm64"]
url = "https://github.com/pyodide/pyodide/releases/download/0.29.3/pyodide-0.29.3.tar.bz2"

[tools."http:pyodide"."platforms.macos-x64"]
url = "https://github.com/pyodide/pyodide/releases/download/0.29.3/pyodide-0.29.3.tar.bz2"

[tools."http:pyodide"."platforms.windows-x64"]
url = "https://github.com/pyodide/pyodide/releases/download/0.29.3/pyodide-0.29.3.tar.bz2"

[[tools."npm:pyodide"]]
version = "0.29.3"
backend = "npm:pyodide"

[[tools."pipx:componentize-py"]]
version = "0.23.0"
backend = "pipx:componentize-py"

[[tools."pipx:datamodel-code-generator"]]
version = "0.61.0"
backend = "pipx:datamodel-code-generator"

[tools."pipx:datamodel-code-generator".options]
extras = "ruff"

[[tools."pipx:openapi-python-client"]]
version = "0.29.0"
backend = "pipx:openapi-python-client"

[[tools."pipx:pyrefly"]]
version = "1.1.1"
backend = "pipx:pyrefly"

[[tools."pipx:pytest"]]
version = "9.0.3"
backend = "pipx:pytest"

[[tools."pipx:torch"]]
version = "2.12.1"
backend = "pipx:torch"

[[tools.ruff]]
version = "0.16.1"
backend = "aqua:astral-sh/ruff"

[tools.ruff."platforms.linux-arm64"]
checksum = "sha256:5929d9f37fc518a3825f33a76ad8092c0555ca045ca1dbf5e680038a402c840c"
url = "https://github.com/astral-sh/ruff/releases/download/0.16.1/ruff-aarch64-unknown-linux-musl.tar.gz"
url_api = "https://api.github.com/repos/astral-sh/ruff/releases/assets/495779006"
provenance = "github-attestations"

[tools.ruff."platforms.linux-x64"]
checksum = "sha256:23469683052cd2db1589f15032dd1751b2a3f212062e9fc901b0776d25fb36bc"
url = "https://github.com/astral-sh/ruff/releases/download/0.16.1/ruff-x86_64-unknown-linux-musl.tar.gz"
url_api = "https://api.github.com/repos/astral-sh/ruff/releases/assets/495779139"
provenance = "github-attestations"

[tools.ruff."platforms.macos-arm64"]
checksum = "sha256:a8df4e8e9f22e3b0ae0b9f165ddaafb7e34df692197a6c1a361e7426f90681d5"
url = "https://github.com/astral-sh/ruff/releases/download/0.16.1/ruff-aarch64-apple-darwin.tar.gz"
url_api = "https://api.github.com/repos/astral-sh/ruff/releases/assets/495778992"
provenance = "github-attestations"

[tools.ruff."platforms.macos-x64"]
checksum = "sha256:00396fb9db4cb04e07ad277e6b10d845e6767f0a2aae67e1a57aa65fa01334f0"
url = "https://github.com/astral-sh/ruff/releases/download/0.16.1/ruff-x86_64-apple-darwin.tar.gz"
url_api = "https://api.github.com/repos/astral-sh/ruff/releases/assets/495779121"
provenance = "github-attestations"

[tools.ruff."platforms.windows-x64"]
checksum = "sha256:f37898d133acba7df8cbd130abc3b58b98243d7f3ab751087193dde8887955c4"
url = "https://github.com/astral-sh/ruff/releases/download/0.16.1/ruff-x86_64-pc-windows-msvc.zip"
url_api = "https://api.github.com/repos/astral-sh/ruff/releases/assets/495779128"
provenance = "github-attestations"
