# @generated - this file is auto-generated by `mise lock` https://mise.jdx.dev/dev-tools/mise-lock.html

[conda-packages.linux-arm64."_openmp_mutex-4.5-20_gnu"]
url = "https://conda.anaconda.org/conda-forge/linux-aarch64/_openmp_mutex-4.5-20_gnu.conda"
checksum = "sha256:a2527b1d81792a0ccd2c05850960df119c2b6d8f5fdec97f2db7d25dc23b1068"

[conda-packages.linux-arm64."binutils-2.46.1-default_hf1166c9_102"]
url = "https://conda.anaconda.org/conda-forge/linux-aarch64/binutils-2.46.1-default_hf1166c9_102.conda"
checksum = "sha256:548d128bc257badd2d9dbdff8173eb693fcbec84ceeb0fa74cbfed141ed42ad9"

[conda-packages.linux-arm64."binutils_impl_linux-aarch64-2.46.1-default_h5f4c503_102"]
url = "https://conda.anaconda.org/conda-forge/linux-aarch64/binutils_impl_linux-aarch64-2.46.1-default_h5f4c503_102.conda"
checksum = "sha256:eebe159bf600943552e4319ff4ce27b6a2dadf0dcc5443e76dcee9259a408e11"

[conda-packages.linux-arm64."bzip2-1.0.8-h4777abc_10"]
url = "https://conda.anaconda.org/conda-forge/linux-aarch64/bzip2-1.0.8-h4777abc_10.conda"
checksum = "sha256:24eacc8a20fd7c4616566178562bef7f9344eb4a8700cfc3180fa75a6ff9d39f"

[conda-packages.linux-arm64."clang-22-22.1.6-default_h2a92e99_1"]
url = "https://conda.anaconda.org/conda-forge/linux-aarch64/clang-22-22.1.6-default_h2a92e99_1.conda"
checksum = "sha256:8387978801602fe514577103c99a207ba11535f4bb8b7d66c0e81613d20fd0ef"

[conda-packages.linux-arm64."clang-22.1.6-default_cfg_h99ebb92_1"]
url = "https://conda.anaconda.org/conda-forge/linux-aarch64/clang-22.1.6-default_cfg_h99ebb92_1.conda"
checksum = "sha256:5640b47945a66b24f4db6d1b9f428039c0e6f11204b05f3cdde5f381c8c3fe71"

[conda-packages.linux-arm64."clang-scan-deps-22.1.6-default_h2a92e99_1"]
url = "https://conda.anaconda.org/conda-forge/linux-aarch64/clang-scan-deps-22.1.6-default_h2a92e99_1.conda"
checksum = "sha256:b340f665fb90a44a0b6e6624e749509a5507a2456c05b7eccae3fc2bda94da01"

[conda-packages.linux-arm64."clang_impl_linux-aarch64-22.1.6-default_h1168dbd_1"]
url = "https://conda.anaconda.org/conda-forge/linux-aarch64/clang_impl_linux-aarch64-22.1.6-default_h1168dbd_1.conda"
checksum = "sha256:738c6066605b14b4a98d9cffcaaea1087bab8e59f803d781597af5ad8a9cacc0"

[conda-packages.linux-arm64."clangxx_impl_linux-aarch64-22.1.6-default_h1168dbd_1"]
url = "https://conda.anaconda.org/conda-forge/linux-aarch64/clangxx_impl_linux-aarch64-22.1.6-default_h1168dbd_1.conda"
checksum = "sha256:b6e47b0241952cde7541a405de84ac3f20fdf4836fbb0a2360615bd9b388bae0"

[conda-packages.linux-arm64."compiler-rt-22.1.6-h8af1aa0_0"]
url = "https://conda.anaconda.org/conda-forge/linux-aarch64/compiler-rt-22.1.6-h8af1aa0_0.conda"
checksum = "sha256:7a51cf211eb1f2f85e476bcebf4ac17a3f37ad08093f0cfb92010f4d65aeb74c"

[conda-packages.linux-arm64."compiler-rt22-22.1.6-hfefdfc9_0"]
url = "https://conda.anaconda.org/conda-forge/linux-aarch64/compiler-rt22-22.1.6-hfefdfc9_0.conda"
checksum = "sha256:392494883c7ef15c8292a246c40332041c6c692baf11e1a0a58e90bd00e7a5b3"

[conda-packages.linux-arm64."compiler-rt22_linux-aarch64-22.1.6-hfefdfc9_0"]
url = "https://conda.anaconda.org/conda-forge/noarch/compiler-rt22_linux-aarch64-22.1.6-hfefdfc9_0.conda"
checksum = "sha256:633d744bf08ffe7717908c794dc4398989a2bb97e382fdbc7dd46e10e11af381"

[conda-packages.linux-arm64."compiler-rt_linux-aarch64-22.1.6-h8af1aa0_0"]
url = "https://conda.anaconda.org/conda-forge/noarch/compiler-rt_linux-aarch64-22.1.6-h8af1aa0_0.conda"
checksum = "sha256:94626803f1a8be6e9389e0d67e7d3721fb4ddeae5468e453d123d0edfd5274a7"

[conda-packages.linux-arm64."kernel-headers_linux-aarch64-6.12.0-h05a177a_6"]
url = "https://conda.anaconda.org/conda-forge/noarch/kernel-headers_linux-aarch64-6.12.0-h05a177a_6.conda"
checksum = "sha256:2251f81ccc1d3bb38873cbcdcf43c15f424a057714a7c7a4756e3c68440ad0e9"

[conda-packages.linux-arm64."ld_impl_linux-aarch64-2.46.1-default_h1979696_102"]
url = "https://conda.anaconda.org/conda-forge/linux-aarch64/ld_impl_linux-aarch64-2.46.1-default_h1979696_102.conda"
checksum = "sha256:2c4901f4227b0850328ed0c69f958b30ad2cd18982f7a31c7c1f911827004d08"

[conda-packages.linux-arm64."libassuan-3.0.2-h5ad3122_0"]
url = "https://conda.anaconda.org/conda-forge/linux-aarch64/libassuan-3.0.2-h5ad3122_0.conda"
checksum = "sha256:042843a7760a9be3e7642528a2667b644f8eda009e1846658726fdca610afb73"

[conda-packages.linux-arm64."libclang-cpp22.1-22.1.6-default_h2a92e99_1"]
url = "https://conda.anaconda.org/conda-forge/linux-aarch64/libclang-cpp22.1-22.1.6-default_h2a92e99_1.conda"
checksum = "sha256:663ac1fa15bdec186050a86274aae28fd337efca55b86ba0503a6792b3b80e48"

[conda-packages.linux-arm64."libclang13-22.1.8-default_h3185f35_2"]
url = "https://conda.anaconda.org/conda-forge/linux-aarch64/libclang13-22.1.8-default_h3185f35_2.conda"
checksum = "sha256:50653a48c55627feb149ca80d05d6112747e396e92a80f6094234e95e483cc6e"

[conda-packages.linux-arm64."libcompiler-rt-22.1.6-hfefdfc9_0"]
url = "https://conda.anaconda.org/conda-forge/linux-aarch64/libcompiler-rt-22.1.6-hfefdfc9_0.conda"
checksum = "sha256:57e9730185d018b2c226a8b7e309ead9e17aeaa7687d27c43d4968d2a3bce1e8"

[conda-packages.linux-arm64."libgcc-16.1.0-h205dda4_1"]
url = "https://conda.anaconda.org/conda-forge/linux-aarch64/libgcc-16.1.0-h205dda4_1.conda"
checksum = "sha256:88a3d400c678df034c9d498f32503779977d5ea826063687c663e42c945abed5"

[conda-packages.linux-arm64."libgcc-devel_linux-aarch64-16.1.0-hd673532_101"]
url = "https://conda.anaconda.org/conda-forge/noarch/libgcc-devel_linux-aarch64-16.1.0-hd673532_101.conda"
checksum = "sha256:885f0d8a47f7ea50d7b33d07a240f2301935602b9d2a39a35b5018b13e934100"

[conda-packages.linux-arm64."libgcc-ng-16.1.0-he9431aa_1"]
url = "https://conda.anaconda.org/conda-forge/linux-aarch64/libgcc-ng-16.1.0-he9431aa_1.conda"
checksum = "sha256:e0456b4b49e8f9f9ffc04b1b412101ea2c38476eaceb9a0e4e16792d7cfdd929"

[conda-packages.linux-arm64."libgcrypt-1.12.2-h8af1aa0_0"]
url = "https://conda.anaconda.org/conda-forge/linux-aarch64/libgcrypt-1.12.2-h8af1aa0_0.conda"
checksum = "sha256:842adfd194494490e8c4771dfa1d536ab71a9f3f09b41b3ee4c1b49553326bbb"

[conda-packages.linux-arm64."libgcrypt-devel-1.12.2-he30d5cf_0"]
url = "https://conda.anaconda.org/conda-forge/linux-aarch64/libgcrypt-devel-1.12.2-he30d5cf_0.conda"
checksum = "sha256:8a27549cf1a903f21bbb97f10e3e3b32b23d3b0eda611329760541a1720cc69e"

[conda-packages.linux-arm64."libgcrypt-lib-1.12.2-he30d5cf_0"]
url = "https://conda.anaconda.org/conda-forge/linux-aarch64/libgcrypt-lib-1.12.2-he30d5cf_0.conda"
checksum = "sha256:5c1fa4dfe58fedf2077a0cc831565f32fe3fede70503fa91bcaf0b0a7ee6a5d9"

[conda-packages.linux-arm64."libgcrypt-tools-1.12.2-he30d5cf_0"]
url = "https://conda.anaconda.org/conda-forge/linux-aarch64/libgcrypt-tools-1.12.2-he30d5cf_0.conda"
checksum = "sha256:580a0806d8048e3fd936e170455bc1993f53c01923a6361115e4280cf43c820a"

[conda-packages.linux-arm64."libgomp-16.1.0-h8acb6b2_1"]
url = "https://conda.anaconda.org/conda-forge/linux-aarch64/libgomp-16.1.0-h8acb6b2_1.conda"
checksum = "sha256:1c609a4a72597350317b92c4d9dfb85d21740219048e2b1d458925a6ccfa3d7a"

[conda-packages.linux-arm64."libgpg-error-1.61-h7ac5ae9_2"]
url = "https://conda.anaconda.org/conda-forge/linux-aarch64/libgpg-error-1.61-h7ac5ae9_2.conda"
checksum = "sha256:df4c43ae4003100feea4d96000fcfff57f05832b2aa5b9385bba05cb33fa776f"

[conda-packages.linux-arm64."libiconv-1.18-h90929bb_2"]
url = "https://conda.anaconda.org/conda-forge/linux-aarch64/libiconv-1.18-h90929bb_2.conda"
checksum = "sha256:1473451cd282b48d24515795a595801c9b65b567fe399d7e12d50b2d6cdb04d9"

[conda-packages.linux-arm64."libksba-1.6.7-h0a1ffab_0"]
url = "https://conda.anaconda.org/conda-forge/linux-aarch64/libksba-1.6.7-h0a1ffab_0.conda"
checksum = "sha256:6bd8c23157e3afa89d56ff876993232d94dc796e1ad190f3cd56148815c7004f"

[conda-packages.linux-arm64."libllvm22-22.1.8-hfd2ba90_1"]
url = "https://conda.anaconda.org/conda-forge/linux-aarch64/libllvm22-22.1.8-hfd2ba90_1.conda"
checksum = "sha256:dc943f1730a27f5fb36682c9852f7196f671c3a9df4a0a7a8f7ba665637c9151"

[conda-packages.linux-arm64."liblzma-5.8.3-he30d5cf_1"]
url = "https://conda.anaconda.org/conda-forge/linux-aarch64/liblzma-5.8.3-he30d5cf_1.conda"
checksum = "sha256:f760669fd1cea27f689f411c0d5488e26ce50e382c9b63e4ad348f959850124a"

[conda-packages.linux-arm64."libsqlite-3.53.4-h022381a_0"]
url = "https://conda.anaconda.org/conda-forge/linux-aarch64/libsqlite-3.53.4-h022381a_0.conda"
checksum = "sha256:da46b52f6815e9771f4e21e3332c423c88644e91ac96b0534e85158adc88a8b4"

[conda-packages.linux-arm64."libstdcxx-16.1.0-hef695bb_1"]
url = "https://conda.anaconda.org/conda-forge/linux-aarch64/libstdcxx-16.1.0-hef695bb_1.conda"
checksum = "sha256:81ef9a10a0e01ffc7e03d429ed048410153411b2d8bbf95c334bdf3dcf175ab0"

[conda-packages.linux-arm64."libstdcxx-devel_linux-aarch64-16.1.0-h2445e1f_101"]
url = "https://conda.anaconda.org/conda-forge/noarch/libstdcxx-devel_linux-aarch64-16.1.0-h2445e1f_101.conda"
checksum = "sha256:926d2c2dedfca7334804d5c8a0727a3746ef580be8763f51ccc2ece24c7be56c"

[conda-packages.linux-arm64."libstdcxx-ng-16.1.0-hdbbeba8_1"]
url = "https://conda.anaconda.org/conda-forge/linux-aarch64/libstdcxx-ng-16.1.0-hdbbeba8_1.conda"
checksum = "sha256:cb88eb500022e01f835209e771d455d2296e10a18a749f518c257dfcab7d46ba"

[conda-packages.linux-arm64."libxml2-16-2.15.3-h064b767_0"]
url = "https://conda.anaconda.org/conda-forge/linux-aarch64/libxml2-16-2.15.3-h064b767_0.conda"
checksum = "sha256:96e9bd642c013ce3407c23b3819204ea8a591567d62b49baa4bafb2f1487326c"

[conda-packages.linux-arm64."libxml2-2.15.3-h9ba8346_0"]
url = "https://conda.anaconda.org/conda-forge/linux-aarch64/libxml2-2.15.3-h9ba8346_0.conda"
checksum = "sha256:74aa3c62e0ec4491343b95ce4ca8812ad2f9bb015369e29cb3b4b9b4302d8cb0"

[conda-packages.linux-arm64."libzlib-1.3.2-hdc9db2a_3"]
url = "https://conda.anaconda.org/conda-forge/linux-aarch64/libzlib-1.3.2-hdc9db2a_3.conda"
checksum = "sha256:76efa6cc9d7e6f5ee3bbca0939f64054af2bdfb3c3632531f8e633cf6c2ea41e"

[conda-packages.linux-arm64."llvm-openmp-22.1.8-he40846f_0"]
url = "https://conda.anaconda.org/conda-forge/linux-aarch64/llvm-openmp-22.1.8-he40846f_0.conda"
checksum = "sha256:30bbb0ce4ae7cebbeb9801af5bbd2a29f8627237a38d08fc5d8d800e79c817aa"

[conda-packages.linux-arm64."ncurses-6.6-h2b6f883_1"]
url = "https://conda.anaconda.org/conda-forge/linux-aarch64/ncurses-6.6-h2b6f883_1.conda"
checksum = "sha256:d69a04914139627f0a6bfd19412d6c7f1e37edc896af84a6011e07e8bc1e69fa"

[conda-packages.linux-arm64."npth-1.8-h5ad3122_0"]
url = "https://conda.anaconda.org/conda-forge/linux-aarch64/npth-1.8-h5ad3122_0.conda"
checksum = "sha256:1fcbc982059bc5ed7a544ae43a8be6d9ee8d0d4c3fe8fb30eb9185db0aa6e114"

[conda-packages.linux-arm64."ntbtls-0.3.2-hd84c7bf_0"]
url = "https://conda.anaconda.org/conda-forge/linux-aarch64/ntbtls-0.3.2-hd84c7bf_0.conda"
checksum = "sha256:d9af7c17e6c452312a9d623eeff588f427242986fcc39ea65a0ef030dbe8cbe1"

[conda-packages.linux-arm64."readline-8.3-hb682ff5_0"]
url = "https://conda.anaconda.org/conda-forge/linux-aarch64/readline-8.3-hb682ff5_0.conda"
checksum = "sha256:fe695f9d215e9a2e3dd0ca7f56435ab4df24f5504b83865e3d295df36e88d216"

[conda-packages.linux-arm64."sqlite-3.53.4-he8854b5_0"]
url = "https://conda.anaconda.org/conda-forge/linux-aarch64/sqlite-3.53.4-he8854b5_0.conda"
checksum = "sha256:70bc70e05ec16173ad15e13624d051588dcd2c2f01ef12171234ab04d4c7d888"

[conda-packages.linux-arm64."sysroot_linux-aarch64-2.39-h934ec21_6"]
url = "https://conda.anaconda.org/conda-forge/noarch/sysroot_linux-aarch64-2.39-h934ec21_6.conda"
checksum = "sha256:bf817fbdb9953dda8f4b0d3c5bdf23a072c6baf6d39cb80e067f274a9d6feaf2"

[conda-packages.linux-arm64.tzdata-2026c-h151e31d_0]
url = "https://conda.anaconda.org/conda-forge/noarch/tzdata-2026c-h151e31d_0.conda"
checksum = "sha256:b928c30ddcb0e3f544c6eade8352737e6e610e263276b90232db6a578ef899d8"

[conda-packages.linux-arm64."zlib-1.3.2-hdc9db2a_3"]
url = "https://conda.anaconda.org/conda-forge/linux-aarch64/zlib-1.3.2-hdc9db2a_3.conda"
checksum = "sha256:3f3c296477cf26474660942f4d8ec104a8eee2cb1abc7c5bfec9ac1102c66451"

[conda-packages.linux-arm64."zstd-1.5.7-h9d15635_7"]
url = "https://conda.anaconda.org/conda-forge/linux-aarch64/zstd-1.5.7-h9d15635_7.conda"
checksum = "sha256:427fd14bcb3b8659796fecc682716617409350fb5a98e5b7b47558a10d1a2fc7"

[conda-packages.linux-x64."_openmp_mutex-4.5-20_gnu"]
url = "https://conda.anaconda.org/conda-forge/linux-64/_openmp_mutex-4.5-20_gnu.conda"
checksum = "sha256:1dd3fffd892081df9726d7eb7e0dea6198962ba775bd88842135a4ddb4deb3c9"

[conda-packages.linux-x64."binutils-2.46.1-default_h4852527_102"]
url = "https://conda.anaconda.org/conda-forge/linux-64/binutils-2.46.1-default_h4852527_102.conda"
checksum = "sha256:659c367ef49df7741749a2ad240b007d7df51b4f210505a78543deafb001e44c"

[conda-packages.linux-x64."binutils_impl_linux-64-2.46.1-default_hfdba357_102"]
url = "https://conda.anaconda.org/conda-forge/linux-64/binutils_impl_linux-64-2.46.1-default_hfdba357_102.conda"
checksum = "sha256:fb7bf36984a37ce7e4714d1d1da0bd0e3bfc679520f5cdc184afc676fd4b5da2"

[conda-packages.linux-x64."bzip2-1.0.8-hda65f42_10"]
url = "https://conda.anaconda.org/conda-forge/linux-64/bzip2-1.0.8-hda65f42_10.conda"
checksum = "sha256:1a0d382c515ebf55f8ee1f38c8b81bc95af5c2acc42ad53b66bc5df932032f96"

[conda-packages.linux-x64."clang-22-22.1.6-default_h99862b1_1"]
url = "https://conda.anaconda.org/conda-forge/linux-64/clang-22-22.1.6-default_h99862b1_1.conda"
checksum = "sha256:c0a92dc4a8b0502ae3526e8912ab69df3eb42a5baae3f5860f85490fb62e8e7c"

[conda-packages.linux-x64."clang-22.1.6-default_cfg_hcbb2b3e_1"]
url = "https://conda.anaconda.org/conda-forge/linux-64/clang-22.1.6-default_cfg_hcbb2b3e_1.conda"
checksum = "sha256:1b91011b467438ec1e1130d9d1b1e1f2d512f0fec0a465612b7cb6cc4da962a6"

[conda-packages.linux-x64."clang-scan-deps-22.1.6-default_h99862b1_1"]
url = "https://conda.anaconda.org/conda-forge/linux-64/clang-scan-deps-22.1.6-default_h99862b1_1.conda"
checksum = "sha256:f65fc181adba282f4b5d5891194c222f618f828c0142c61c90a6334120ba1350"

[conda-packages.linux-x64."clang_impl_linux-64-22.1.6-default_h0a60c25_1"]
url = "https://conda.anaconda.org/conda-forge/linux-64/clang_impl_linux-64-22.1.6-default_h0a60c25_1.conda"
checksum = "sha256:97af437913c9d551e6fa2ff4254d1d05a07c0023c2b269b4ad5a5340533b5114"

[conda-packages.linux-x64."clangxx_impl_linux-64-22.1.6-default_h0a60c25_1"]
url = "https://conda.anaconda.org/conda-forge/linux-64/clangxx_impl_linux-64-22.1.6-default_h0a60c25_1.conda"
checksum = "sha256:92c68f4dfc02893e6417f40e5183eead8e7021cee64d8d7885e2ec1500bbdf00"

[conda-packages.linux-x64."compiler-rt-22.1.6-ha770c72_0"]
url = "https://conda.anaconda.org/conda-forge/linux-64/compiler-rt-22.1.6-ha770c72_0.conda"
checksum = "sha256:42d60a29aa92a64826b970b3e2a02e5d67b473549683487aeb50fbf3a7bde120"

[conda-packages.linux-x64."compiler-rt22-22.1.6-hb700be7_0"]
url = "https://conda.anaconda.org/conda-forge/linux-64/compiler-rt22-22.1.6-hb700be7_0.conda"
checksum = "sha256:fc510b7380f29bfc5940d5b4752a96d8b319e0bcea0a6c70010088c609507585"

[conda-packages.linux-x64."compiler-rt22_linux-64-22.1.6-hffcefe0_0"]
url = "https://conda.anaconda.org/conda-forge/noarch/compiler-rt22_linux-64-22.1.6-hffcefe0_0.conda"
checksum = "sha256:c3440ca1569ea0c9735df3267de18ebc8af3390ff57ae59bad429f56e41de2c6"

[conda-packages.linux-x64."compiler-rt_linux-64-22.1.6-ha770c72_0"]
url = "https://conda.anaconda.org/conda-forge/noarch/compiler-rt_linux-64-22.1.6-ha770c72_0.conda"
checksum = "sha256:edfca3825c48fdc7b4e6e4386ff62ffbabe8dcc4a30b529b09cdb38de497c90b"

[conda-packages.linux-x64."icu-78.3-py310h44b86e0_2"]
url = "https://conda.anaconda.org/conda-forge/linux-64/icu-78.3-py310h44b86e0_2.conda"
checksum = "sha256:9f07834f0c546ab14d885ce0366285f61f44e326c0edd1fc63b8294e113ae432"

[conda-packages.linux-x64."kernel-headers_linux-64-6.12.0-he073ed8_6"]
url = "https://conda.anaconda.org/conda-forge/noarch/kernel-headers_linux-64-6.12.0-he073ed8_6.conda"
checksum = "sha256:73b11f31db6c9ebe63d900334fa4f46859aa1ddd8f37cfa5f25a043e0a59253c"

[conda-packages.linux-x64."ld_impl_linux-64-2.46.1-default_hbd61a6d_102"]
url = "https://conda.anaconda.org/conda-forge/linux-64/ld_impl_linux-64-2.46.1-default_hbd61a6d_102.conda"
checksum = "sha256:27d83f1188cd19bcb7754a078b3fa7f4cfb8527f8eb2fde54dd01fc529d1adec"

[conda-packages.linux-x64."libassuan-3.0.2-h5888daf_0"]
url = "https://conda.anaconda.org/conda-forge/linux-64/libassuan-3.0.2-h5888daf_0.conda"
checksum = "sha256:a89ee880e951cc9399606545cb9e6377c8f260fa40942b8486d82d64d3d34491"

[conda-packages.linux-x64."libclang-cpp22.1-22.1.6-default_h99862b1_1"]
url = "https://conda.anaconda.org/conda-forge/linux-64/libclang-cpp22.1-22.1.6-default_h99862b1_1.conda"
checksum = "sha256:0567c126b7b1f8a198a70e5aa97aa05886cf87c2eb325299fbed7fcbad5142e8"

[conda-packages.linux-x64."libclang13-22.1.8-default_h746c552_2"]
url = "https://conda.anaconda.org/conda-forge/linux-64/libclang13-22.1.8-default_h746c552_2.conda"
checksum = "sha256:1eb59e923b08200403a98078f37463b314fd84cda15191d2519f82bb129765af"

[conda-packages.linux-x64."libcompiler-rt-22.1.6-hb700be7_0"]
url = "https://conda.anaconda.org/conda-forge/linux-64/libcompiler-rt-22.1.6-hb700be7_0.conda"
checksum = "sha256:2b89a8c95b71509d6241cee16be682a38657c9e15e09c63c3c1ea9d315476c8e"

[conda-packages.linux-x64."libgcc-16.1.0-ha9f2e26_1"]
url = "https://conda.anaconda.org/conda-forge/linux-64/libgcc-16.1.0-ha9f2e26_1.conda"
checksum = "sha256:d5cb8475131c31680f8fd30512c418f373064e272e452063276a8fb14c9fa42f"

[conda-packages.linux-x64."libgcc-devel_linux-64-16.1.0-h59071f9_101"]
url = "https://conda.anaconda.org/conda-forge/noarch/libgcc-devel_linux-64-16.1.0-h59071f9_101.conda"
checksum = "sha256:b314251d957b16c71ec241119ac09b9530c5c4ce140026ec98d297f55d6c5e08"

[conda-packages.linux-x64."libgcc-ng-16.1.0-h69a702a_1"]
url = "https://conda.anaconda.org/conda-forge/linux-64/libgcc-ng-16.1.0-h69a702a_1.conda"
checksum = "sha256:225275c562337a1cd61705da0ee4235dde7bba7504de1c34b74c894adb2b0eee"

[conda-packages.linux-x64."libgcrypt-1.12.2-ha770c72_0"]
url = "https://conda.anaconda.org/conda-forge/linux-64/libgcrypt-1.12.2-ha770c72_0.conda"
checksum = "sha256:a98425d866a1aa56042d24ff453d2df0ff0b0bb1ef9a77e54dcc82f6f8e0510b"

[conda-packages.linux-x64."libgcrypt-devel-1.12.2-hb03c661_0"]
url = "https://conda.anaconda.org/conda-forge/linux-64/libgcrypt-devel-1.12.2-hb03c661_0.conda"
checksum = "sha256:7128f96ebc18fb1ca51b0ef55a18570eb5fff28bb24c0b20a8eb09f95f212aeb"

[conda-packages.linux-x64."libgcrypt-lib-1.12.2-hb03c661_0"]
url = "https://conda.anaconda.org/conda-forge/linux-64/libgcrypt-lib-1.12.2-hb03c661_0.conda"
checksum = "sha256:9779af09721826ebd0217f507e03dfa09df899483d8f129116ae38b374c6788b"

[conda-packages.linux-x64."libgcrypt-tools-1.12.2-hb03c661_0"]
url = "https://conda.anaconda.org/conda-forge/linux-64/libgcrypt-tools-1.12.2-hb03c661_0.conda"
checksum = "sha256:9c7deb5e609dfb6ebf1eb327081c31b5bad7ab380176910759a46951c64c9c5d"

[conda-packages.linux-x64."libgomp-16.1.0-he0feb66_1"]
url = "https://conda.anaconda.org/conda-forge/linux-64/libgomp-16.1.0-he0feb66_1.conda"
checksum = "sha256:62cb599ad0539d99386515326d9d5e8f51f75a60c69c2131b21df76edf35bd89"

[conda-packages.linux-x64."libgpg-error-1.61-h54a6638_2"]
url = "https://conda.anaconda.org/conda-forge/linux-64/libgpg-error-1.61-h54a6638_2.conda"
checksum = "sha256:b69606451dfce168990dd40324e52daf981472511788d412ce78664760d3889f"

[conda-packages.linux-x64."libiconv-1.18-h3b78370_2"]
url = "https://conda.anaconda.org/conda-forge/linux-64/libiconv-1.18-h3b78370_2.conda"
checksum = "sha256:c467851a7312765447155e071752d7bf9bf44d610a5687e32706f480aad2833f"

[conda-packages.linux-x64."libksba-1.6.7-hac33072_0"]
url = "https://conda.anaconda.org/conda-forge/linux-64/libksba-1.6.7-hac33072_0.conda"
checksum = "sha256:289d4f2bf33134c4f5565f772829cb66c996485723bd9c299a21f73ff8aed77a"

[conda-packages.linux-x64."libllvm22-22.1.8-hf7376ad_1"]
url = "https://conda.anaconda.org/conda-forge/linux-64/libllvm22-22.1.8-hf7376ad_1.conda"
checksum = "sha256:e9b5f301d6b001a9b8ce782157f56b75c92c4fbc9eba95dc6345c1139251d13b"

[conda-packages.linux-x64."liblzma-5.8.3-hb03c661_1"]
url = "https://conda.anaconda.org/conda-forge/linux-64/liblzma-5.8.3-hb03c661_1.conda"
checksum = "sha256:9787df8c22a59c9a70d3e5a10db9ad663485e75e9ccc3f09bd092cb7b95e0dab"

[conda-packages.linux-x64."libsqlite-3.53.4-hf4e2dac_0"]
url = "https://conda.anaconda.org/conda-forge/linux-64/libsqlite-3.53.4-hf4e2dac_0.conda"
checksum = "sha256:72023efc207fe681e26b65fc9d668062cf0b4f0eacf3431e6eb099b95c1f2efd"

[conda-packages.linux-x64."libstdcxx-16.1.0-h934c35e_1"]
url = "https://conda.anaconda.org/conda-forge/linux-64/libstdcxx-16.1.0-h934c35e_1.conda"
checksum = "sha256:79721dd08aeb0ab9e773f1f9ef41cf4e6c17477e3d72319147619045bce05a09"

[conda-packages.linux-x64."libstdcxx-devel_linux-64-16.1.0-h41cdd0d_101"]
url = "https://conda.anaconda.org/conda-forge/noarch/libstdcxx-devel_linux-64-16.1.0-h41cdd0d_101.conda"
checksum = "sha256:c1521172f2fdf5510d79b621ea835064209fe3131518e0d8b2b43362a75e7b4c"

[conda-packages.linux-x64."libstdcxx-ng-16.1.0-hdf11a46_1"]
url = "https://conda.anaconda.org/conda-forge/linux-64/libstdcxx-ng-16.1.0-hdf11a46_1.conda"
checksum = "sha256:2876ca4463d1b394eb969ce4a84d1620aa63fb8202a6397837d1e45ec76c1208"

[conda-packages.linux-x64."libxml2-16-2.15.3-hca6bf5a_0"]
url = "https://conda.anaconda.org/conda-forge/linux-64/libxml2-16-2.15.3-hca6bf5a_0.conda"
checksum = "sha256:3d44f737c5ae52d5af32682cc1530df433f401f8e58a7533926536244127572a"

[conda-packages.linux-x64."libxml2-2.15.3-h49c6c72_0"]
url = "https://conda.anaconda.org/conda-forge/linux-64/libxml2-2.15.3-h49c6c72_0.conda"
checksum = "sha256:3bc5551720c58591f6ea1146f7d1539c734ed1c40e7b9f5cb8cb7e900c509aba"

[conda-packages.linux-x64."libzlib-1.3.2-h25fd6f3_3"]
url = "https://conda.anaconda.org/conda-forge/linux-64/libzlib-1.3.2-h25fd6f3_3.conda"
checksum = "sha256:eb8a0db0aa570124f7d2a93d7c7f596e3390df5e047818d873baad32985fc736"

[conda-packages.linux-x64."llvm-openmp-22.1.8-h4922eb0_0"]
url = "https://conda.anaconda.org/conda-forge/linux-64/llvm-openmp-22.1.8-h4922eb0_0.conda"
checksum = "sha256:a37aba21b85800af1e7c5b04ba76abab96b6e591eedf99dc6e4df83b0fefd7a5"

[conda-packages.linux-x64."ncurses-6.6-hdb14827_1"]
url = "https://conda.anaconda.org/conda-forge/linux-64/ncurses-6.6-hdb14827_1.conda"
checksum = "sha256:5d46557214ed184381dafe835b7c94a474a1c3b307a08a250b1ea4779b44ffb3"

[conda-packages.linux-x64."npth-1.8-h5888daf_0"]
url = "https://conda.anaconda.org/conda-forge/linux-64/npth-1.8-h5888daf_0.conda"
checksum = "sha256:da3af9708bbf0d459360f7c706d2550859560262c232a5b41a0715806ad7dafc"

[conda-packages.linux-x64."ntbtls-0.3.2-hfc55251_0"]
url = "https://conda.anaconda.org/conda-forge/linux-64/ntbtls-0.3.2-hfc55251_0.conda"
checksum = "sha256:63184386e34caad02ff05ee9ea84428197131c63ae9b424c8247e2488c0b5673"

[conda-packages.linux-x64."readline-8.3-h853b02a_0"]
url = "https://conda.anaconda.org/conda-forge/linux-64/readline-8.3-h853b02a_0.conda"
checksum = "sha256:12ffde5a6f958e285aa22c191ca01bbd3d6e710aa852e00618fa6ddc59149002"

[conda-packages.linux-x64."sqlite-3.53.4-h04a0ce9_0"]
url = "https://conda.anaconda.org/conda-forge/linux-64/sqlite-3.53.4-h04a0ce9_0.conda"
checksum = "sha256:1f6c9638d64c51a35769219cc895e49af5cd0615aef896604c5472bc79b980f7"

[conda-packages.linux-x64."sysroot_linux-64-2.39-hc4b9eeb_6"]
url = "https://conda.anaconda.org/conda-forge/noarch/sysroot_linux-64-2.39-hc4b9eeb_6.conda"
checksum = "sha256:7d235e4337f122f3439d0196e1c1c6e715a5b88fcbf24f944510186c84168e45"

[conda-packages.linux-x64.tzdata-2026c-h151e31d_0]
url = "https://conda.anaconda.org/conda-forge/noarch/tzdata-2026c-h151e31d_0.conda"
checksum = "sha256:b928c30ddcb0e3f544c6eade8352737e6e610e263276b90232db6a578ef899d8"

[conda-packages.linux-x64."zlib-1.3.2-h25fd6f3_3"]
url = "https://conda.anaconda.org/conda-forge/linux-64/zlib-1.3.2-h25fd6f3_3.conda"
checksum = "sha256:16080a1c7724f7d25727cdc23c7658e0cec2db52448c1dc0c33467ee2c6e1c62"

[conda-packages.linux-x64."zstd-1.5.7-hb78ec9c_7"]
url = "https://conda.anaconda.org/conda-forge/linux-64/zstd-1.5.7-hb78ec9c_7.conda"
checksum = "sha256:47d682b9f6d6ec9eb1a6e6c3e75ea6273e899e78fb7fc59f81d39745009fbc60"

[conda-packages.windows-x64."clang-22-22.1.6-default_hac490eb_1"]
url = "https://conda.anaconda.org/conda-forge/win-64/clang-22-22.1.6-default_hac490eb_1.conda"
checksum = "sha256:9848469fd46e5ecfb3966006a7a47c8383b3799c1385c58a562d3038625ac0e5"

[conda-packages.windows-x64."clang-22.1.6-default_nocfg_hbb9487a_1"]
url = "https://conda.anaconda.org/conda-forge/win-64/clang-22.1.6-default_nocfg_hbb9487a_1.conda"
checksum = "sha256:b9c053ee84d2ec9cfc36923b48af06e145d906378575d0156edfeb02e4ef3d81"

[conda-packages.windows-x64."compiler-rt22-22.1.6-h49e36cd_0"]
url = "https://conda.anaconda.org/conda-forge/win-64/compiler-rt22-22.1.6-h49e36cd_0.conda"
checksum = "sha256:bb1cfb3ce4317c468154b69321864be5994961f479c8d9655618f6acd4a14941"

[conda-packages.windows-x64."compiler-rt22_win-64-22.1.6-h49e36cd_0"]
url = "https://conda.anaconda.org/conda-forge/noarch/compiler-rt22_win-64-22.1.6-h49e36cd_0.conda"
checksum = "sha256:fdc6fe0b23b396f33b478b8e890cef0b624cc2c6f96e1ac26ad2289dea4eeb12"

[conda-packages.windows-x64."libzlib-1.3.2-hfd05255_3"]
url = "https://conda.anaconda.org/conda-forge/win-64/libzlib-1.3.2-hfd05255_3.conda"
checksum = "sha256:0629c2cc0404d3bb29d6baa7b4ba62da80797015e86de050db81ea5a07050527"

[conda-packages.windows-x64."llvm-openmp-22.1.8-h4fa8253_0"]
url = "https://conda.anaconda.org/conda-forge/win-64/llvm-openmp-22.1.8-h4fa8253_0.conda"
checksum = "sha256:50c02902bb516eeb56680358f052be38b5bf74b40e78ea4b2a675e84957e7307"

[conda-packages.windows-x64."ucrt-10.0.26100.0-h57928b3_0"]
url = "https://conda.anaconda.org/conda-forge/win-64/ucrt-10.0.26100.0-h57928b3_0.conda"
checksum = "sha256:3005729dce6f3d3f5ec91dfc49fc75a0095f9cd23bab49efb899657297ac91a5"

[conda-packages.windows-x64."vc-14.5-ha367084_41"]
url = "https://conda.anaconda.org/conda-forge/win-64/vc-14.5-ha367084_41.conda"
checksum = "sha256:35444c55a92e2f7f7ba26bc70f81e56e52344f7d064c0fd4b40a46a58517b79c"

[conda-packages.windows-x64."vc14_runtime-14.51.36247-habf1de7_41"]
url = "https://conda.anaconda.org/conda-forge/win-64/vc14_runtime-14.51.36247-habf1de7_41.conda"
checksum = "sha256:4e4cb599cdc41bf2109d1464c127b5bcbddf548ce3e322e612afb691338b48f8"

[conda-packages.windows-x64."vcomp14-14.51.36247-habf1de7_41"]
url = "https://conda.anaconda.org/conda-forge/win-64/vcomp14-14.51.36247-habf1de7_41.conda"
checksum = "sha256:731e043390c9457299484d39e427221fc868a9249540a498a5a4f6456c7744d1"

[conda-packages.windows-x64."zstd-1.5.7-h534d264_7"]
url = "https://conda.anaconda.org/conda-forge/win-64/zstd-1.5.7-h534d264_7.conda"
checksum = "sha256:ca7daae4f218a11fab82cc2857f0ea518ec3f46acec60490485347a4c22c6b3e"

[[tools."conda:clangxx"]]
version = "22.1.6"
backend = "conda:clangxx"

[tools."conda:clangxx".options]
channel = "conda-forge"

[tools."conda:clangxx"."platforms.linux-arm64"]
checksum = "sha256:be625f0270932aff83beda275bb5a6f537ffee6a671598118c8653edb17c7c32"
url = "https://conda.anaconda.org/conda-forge/linux-aarch64/clangxx-22.1.6-default_cfg_he76a859_1.conda"
conda_deps = [
    "clangxx_impl_linux-aarch64-22.1.6-default_h1168dbd_1",
    "clang-22.1.6-default_cfg_h99ebb92_1",
    "clang_impl_linux-aarch64-22.1.6-default_h1168dbd_1",
    "clang-scan-deps-22.1.6-default_h2a92e99_1",
    "clang-22-22.1.6-default_h2a92e99_1",
    "compiler-rt-22.1.6-h8af1aa0_0",
    "libclang-cpp22.1-22.1.6-default_h2a92e99_1",
    "compiler-rt22-22.1.6-hfefdfc9_0",
    "libcompiler-rt-22.1.6-hfefdfc9_0",
    "compiler-rt22_linux-aarch64-22.1.6-hfefdfc9_0",
    "compiler-rt_linux-aarch64-22.1.6-h8af1aa0_0",
    "libstdcxx-devel_linux-aarch64-16.1.0-h2445e1f_101",
    "binutils-2.46.1-default_hf1166c9_102",
    "libgcc-devel_linux-aarch64-16.1.0-hd673532_101",
    "llvm-openmp-22.1.8-he40846f_0",
    "sysroot_linux-aarch64-2.39-h934ec21_6",
    "kernel-headers_linux-aarch64-6.12.0-h05a177a_6",
    "binutils_impl_linux-aarch64-2.46.1-default_h5f4c503_102",
    "ld_impl_linux-aarch64-2.46.1-default_h1979696_102",
    "libgcc-16.1.0-h205dda4_1",
    "libstdcxx-16.1.0-hef695bb_1",
    "libllvm22-22.1.8-hfd2ba90_1",
    "tzdata-2026c-h151e31d_0",
    "libclang13-22.1.8-default_h3185f35_2",
    "zstd-1.5.7-h9d15635_7",
    "_openmp_mutex-4.5-20_gnu",
    "libgomp-16.1.0-h8acb6b2_1",
    "libxml2-2.15.3-h9ba8346_0",
    "libxml2-16-2.15.3-h064b767_0",
    "libzlib-1.3.2-hdc9db2a_3",
    "libiconv-1.18-h90929bb_2",
    "liblzma-5.8.3-he30d5cf_1",
]

[tools."conda:clangxx"."platforms.linux-x64"]
checksum = "sha256:63525a97a2c26fe35e06f63f15b4bd8d988e504826eb427608398052a58d53e6"
url = "https://conda.anaconda.org/conda-forge/linux-64/clangxx-22.1.6-default_cfg_h9f82b57_1.conda"
conda_deps = [
    "clangxx_impl_linux-64-22.1.6-default_h0a60c25_1",
    "clang-22.1.6-default_cfg_hcbb2b3e_1",
    "clang_impl_linux-64-22.1.6-default_h0a60c25_1",
    "clang-scan-deps-22.1.6-default_h99862b1_1",
    "clang-22-22.1.6-default_h99862b1_1",
    "compiler-rt-22.1.6-ha770c72_0",
    "libclang-cpp22.1-22.1.6-default_h99862b1_1",
    "compiler-rt22-22.1.6-hb700be7_0",
    "libcompiler-rt-22.1.6-hb700be7_0",
    "compiler-rt22_linux-64-22.1.6-hffcefe0_0",
    "compiler-rt_linux-64-22.1.6-ha770c72_0",
    "libstdcxx-devel_linux-64-16.1.0-h41cdd0d_101",
    "binutils-2.46.1-default_h4852527_102",
    "libgcc-devel_linux-64-16.1.0-h59071f9_101",
    "llvm-openmp-22.1.8-h4922eb0_0",
    "sysroot_linux-64-2.39-hc4b9eeb_6",
    "kernel-headers_linux-64-6.12.0-he073ed8_6",
    "binutils_impl_linux-64-2.46.1-default_hfdba357_102",
    "ld_impl_linux-64-2.46.1-default_hbd61a6d_102",
    "libgcc-16.1.0-ha9f2e26_1",
    "libstdcxx-16.1.0-h934c35e_1",
    "libllvm22-22.1.8-hf7376ad_1",
    "tzdata-2026c-h151e31d_0",
    "libclang13-22.1.8-default_h746c552_2",
    "zstd-1.5.7-hb78ec9c_7",
    "_openmp_mutex-4.5-20_gnu",
    "libgomp-16.1.0-he0feb66_1",
    "libzlib-1.3.2-h25fd6f3_3",
    "libxml2-2.15.3-h49c6c72_0",
    "libxml2-16-2.15.3-hca6bf5a_0",
    "libiconv-1.18-h3b78370_2",
    "liblzma-5.8.3-hb03c661_1",
    "icu-78.3-py310h44b86e0_2",
]

[tools."conda:clangxx"."platforms.windows-x64"]
checksum = "sha256:862037d82f1c86d6066ceedb05850339e40971e22739dc986858bf7b76376915"
url = "https://conda.anaconda.org/conda-forge/win-64/clangxx-22.1.6-default_nocfg_hbb9487a_1.conda"
conda_deps = [
    "clang-22.1.6-default_nocfg_hbb9487a_1",
    "clang-22-22.1.6-default_hac490eb_1",
    "compiler-rt22-22.1.6-h49e36cd_0",
    "compiler-rt22_win-64-22.1.6-h49e36cd_0",
    "libzlib-1.3.2-hfd05255_3",
    "ucrt-10.0.26100.0-h57928b3_0",
    "vc-14.5-ha367084_41",
    "vc14_runtime-14.51.36247-habf1de7_41",
    "vcomp14-14.51.36247-habf1de7_41",
    "zstd-1.5.7-h534d264_7",
    "llvm-openmp-22.1.8-h4fa8253_0",
]

[[tools."conda:gnupg"]]
version = "2.5.21"
backend = "conda:gnupg"

[tools."conda:gnupg".options]
channel = "conda-forge"

[tools."conda:gnupg"."platforms.linux-arm64"]
checksum = "sha256:dcd1e425a8ccdc781f55a63773a8d7040a498bbcacc04100f14dc89ad2472cb1"
url = "https://conda.anaconda.org/conda-forge/linux-aarch64/gnupg-2.5.21-hacc8eee_0.conda"
conda_deps = [
    "ntbtls-0.3.2-hd84c7bf_0",
    "npth-1.8-h5ad3122_0",
    "libgcrypt-lib-1.12.2-he30d5cf_0",
    "libassuan-3.0.2-h5ad3122_0",
    "libksba-1.6.7-h0a1ffab_0",
    "readline-8.3-hb682ff5_0",
    "bzip2-1.0.8-h4777abc_10",
    "libiconv-1.18-h90929bb_2",
    "sqlite-3.53.4-he8854b5_0",
    "libsqlite-3.53.4-h022381a_0",
    "libgcc-16.1.0-h205dda4_1",
    "libgcc-ng-16.1.0-he9431aa_1",
    "libstdcxx-16.1.0-hef695bb_1",
    "libstdcxx-ng-16.1.0-hdbbeba8_1",
    "libgpg-error-1.61-h7ac5ae9_2",
    "ncurses-6.6-h2b6f883_1",
    "libzlib-1.3.2-hdc9db2a_3",
    "zlib-1.3.2-hdc9db2a_3",
    "_openmp_mutex-4.5-20_gnu",
    "libgomp-16.1.0-h8acb6b2_1",
    "libgcrypt-1.12.2-h8af1aa0_0",
    "libgcrypt-tools-1.12.2-he30d5cf_0",
    "libgcrypt-devel-1.12.2-he30d5cf_0",
]

[tools."conda:gnupg"."platforms.linux-x64"]
checksum = "sha256:648153e11b926bf78ef4d9bea6d9966cfb8728a9f322dd13df6b35aca66149ad"
url = "https://conda.anaconda.org/conda-forge/linux-64/gnupg-2.5.21-hb3df253_0.conda"
conda_deps = [
    "libassuan-3.0.2-h5888daf_0",
    "ntbtls-0.3.2-hfc55251_0",
    "libksba-1.6.7-hac33072_0",
    "libgcrypt-lib-1.12.2-hb03c661_0",
    "npth-1.8-h5888daf_0",
    "readline-8.3-h853b02a_0",
    "bzip2-1.0.8-hda65f42_10",
    "libiconv-1.18-h3b78370_2",
    "sqlite-3.53.4-h04a0ce9_0",
    "libsqlite-3.53.4-hf4e2dac_0",
    "libgpg-error-1.61-h54a6638_2",
    "libgcc-16.1.0-ha9f2e26_1",
    "libgcc-ng-16.1.0-h69a702a_1",
    "libstdcxx-16.1.0-h934c35e_1",
    "libstdcxx-ng-16.1.0-hdf11a46_1",
    "ncurses-6.6-hdb14827_1",
    "libzlib-1.3.2-h25fd6f3_3",
    "zlib-1.3.2-h25fd6f3_3",
    "icu-78.3-py310h44b86e0_2",
    "_openmp_mutex-4.5-20_gnu",
    "libgomp-16.1.0-he0feb66_1",
    "libgcrypt-1.12.2-ha770c72_0",
    "libgcrypt-tools-1.12.2-hb03c661_0",
    "libgcrypt-devel-1.12.2-hb03c661_0",
]
