# @generated - this file is auto-generated by `mise lock` https://mise.jdx.dev/dev-tools/mise-lock.html

[conda-packages.windows-x64."m2-bash-4.3.042-5"]
url = "https://conda.anaconda.org/conda-forge/win-64/m2-bash-4.3.042-5.tar.bz2"
checksum = "sha256:88e5a2b0cc227b43e5b657ea5f5066247c480d0b659b27ed1363aadacb383c9e"

[conda-packages.windows-x64."m2-bash-5.2.037.2-hc364b38_6"]
url = "https://conda.anaconda.org/conda-forge/noarch/m2-bash-5.2.037.2-hc364b38_6.conda"
checksum = "sha256:b2b243cd336e58d0c241bb9eb799e30713b8a40806b14d242fadd96804ff8cd6"

[conda-packages.windows-x64.m2-conda-epoch-20250515-0_x86_64]
url = "https://conda.anaconda.org/conda-forge/win-64/m2-conda-epoch-20250515-0_x86_64.conda"
checksum = "sha256:51e9214548f177db9c3fe70424e3774c95bf19cd69e0e56e83abe2e393228ba1"

[conda-packages.windows-x64."m2-filesystem-2025.02.23.1-hc364b38_10"]
url = "https://conda.anaconda.org/conda-forge/noarch/m2-filesystem-2025.02.23.1-hc364b38_10.conda"
checksum = "sha256:762dd93e1d21ce3d8e5350f167aaeb0c7109edb74b8d972bdb8dbc62b7677488"

[conda-packages.windows-x64."m2-gcc-libs-13.3.0.1-hc364b38_6"]
url = "https://conda.anaconda.org/conda-forge/noarch/m2-gcc-libs-13.3.0.1-hc364b38_6.conda"
checksum = "sha256:9d86cd1a0953bfe103375513f6ad4f82ad6392c9a78e12f0d5dc332be10d0569"

[conda-packages.windows-x64."m2-gcc-libs-5.3.0-4"]
url = "https://conda.anaconda.org/conda-forge/win-64/m2-gcc-libs-5.3.0-4.tar.bz2"
checksum = "sha256:000b9e0bc09296f1ff9faa839eca6ac99cce422b67ddb58e31fff4cb689d4f09"

[conda-packages.windows-x64."m2-gmp-6.3.0.1-hc364b38_6"]
url = "https://conda.anaconda.org/conda-forge/noarch/m2-gmp-6.3.0.1-hc364b38_6.conda"
checksum = "sha256:87cd2260241dde076ec802b423a70a4a10d883e753044c3237ca2dc951271069"

[conda-packages.windows-x64."m2-libiconv-1.14-3"]
url = "https://conda.anaconda.org/conda-forge/win-64/m2-libiconv-1.14-3.tar.bz2"
checksum = "sha256:7944a35736538c4faad867565031786e8cedb8afb21ae3efa6ec859c30001194"

[conda-packages.windows-x64."m2-libiconv-1.18.1-hc364b38_6"]
url = "https://conda.anaconda.org/conda-forge/noarch/m2-libiconv-1.18.1-hc364b38_6.conda"
checksum = "sha256:5eca3afbd2bf2e5253dac18b3880197f7084081571a1e92b20477fdec5a93757"

[conda-packages.windows-x64."m2-libintl-0.19.7-4"]
url = "https://conda.anaconda.org/conda-forge/win-64/m2-libintl-0.19.7-4.tar.bz2"
checksum = "sha256:93bae48708dc099b632f30b7ec3f090f3e7b1acd4aad9dbaa09653db8135b3a5"

[conda-packages.windows-x64."m2-libintl-0.22.5.1-hc364b38_6"]
url = "https://conda.anaconda.org/conda-forge/noarch/m2-libintl-0.22.5.1-hc364b38_6.conda"
checksum = "sha256:02de0f1a8cb63a12e445bb32cd16e7b804953c670889aff857ca7e618088abfb"

[conda-packages.windows-x64."m2-libpcre-8.38-2"]
url = "https://conda.anaconda.org/conda-forge/win-64/m2-libpcre-8.38-2.tar.bz2"
checksum = "sha256:77656b04d459f25a7597f75f50aeaacf813a291bf5f153fb525b92508f7429aa"

[conda-packages.windows-x64."m2-libreadline-8.2.013.1-hc364b38_6"]
url = "https://conda.anaconda.org/conda-forge/noarch/m2-libreadline-8.2.013.1-hc364b38_6.conda"
checksum = "sha256:f6882fac00b0b132752fa21cc85d0dcbaf384269761dbd92d22cd8cb293e5c87"

[conda-packages.windows-x64."m2-mpfr-4.2.2.1-hc364b38_6"]
url = "https://conda.anaconda.org/conda-forge/noarch/m2-mpfr-4.2.2.1-hc364b38_6.conda"
checksum = "sha256:33dbcf68de50a8eced0569fc56052351b13775c8ce14a7222d26c06efed3d1b0"

[conda-packages.windows-x64."m2-msys2-runtime-2.5.0.17080.65c939c-3"]
url = "https://conda.anaconda.org/conda-forge/win-64/m2-msys2-runtime-2.5.0.17080.65c939c-3.tar.bz2"
checksum = "sha256:cd0273a1de68b61325d78eac304b997050ad90555cebcfdd0287cdc7476265d0"

[conda-packages.windows-x64."m2-msys2-runtime-3.6.1.4-hc364b38_6"]
url = "https://conda.anaconda.org/conda-forge/noarch/m2-msys2-runtime-3.6.1.4-hc364b38_6.conda"
checksum = "sha256:1f797d055ad856def2399d5c1c21d7a479fa68159ce5448f07b7c6cf4b9641d7"

[conda-packages.windows-x64."m2-ncurses-6.5.20240831.2-hc364b38_6"]
url = "https://conda.anaconda.org/conda-forge/noarch/m2-ncurses-6.5.20240831.2-hc364b38_6.conda"
checksum = "sha256:d794dc2cdebc7a6a3e4628afd48492c7fb968cc0a507156e0a7eda270f7b346a"

[conda-packages.windows-x64.msys2-conda-epoch-20160418-1]
url = "https://conda.anaconda.org/conda-forge/win-64/msys2-conda-epoch-20160418-1.tar.bz2"
checksum = "sha256:99358d58d778abee4dca82ad29fb58058571f19b0f86138363c260049d4ac7f1"

[[tools."conda:m2-coreutils"]]
version = "8.32.5"
backend = "conda:m2-coreutils"

[tools."conda:m2-coreutils".options]
channel = "conda-forge"

[tools."conda:m2-coreutils"."platforms.windows-x64"]
checksum = "sha256:05626edabfe076bd3b1f7f83cd830ed2acc043c48a15450d88a79091f5b718eb"
url = "https://conda.anaconda.org/conda-forge/noarch/m2-coreutils-8.32.5-hc364b38_6.conda"
conda_deps = [
    "m2-conda-epoch-20250515-0_x86_64",
    "m2-msys2-runtime-3.6.1.4-hc364b38_6",
    "m2-libintl-0.22.5.1-hc364b38_6",
    "m2-libiconv-1.18.1-hc364b38_6",
    "m2-gmp-6.3.0.1-hc364b38_6",
    "m2-gcc-libs-13.3.0.1-hc364b38_6",
]

[[tools."conda:m2-diffutils"]]
version = "3.12.1"
backend = "conda:m2-diffutils"

[tools."conda:m2-diffutils".options]
channel = "conda-forge"

[tools."conda:m2-diffutils"."platforms.windows-x64"]
checksum = "sha256:fc66f0bc6a12fe77041b3ba2f5613e8b16a735a5b113c53119fc28b4f4cfb4b9"
url = "https://conda.anaconda.org/conda-forge/noarch/m2-diffutils-3.12.1-hc364b38_6.conda"
conda_deps = [
    "m2-conda-epoch-20250515-0_x86_64",
    "m2-msys2-runtime-3.6.1.4-hc364b38_6",
    "m2-libintl-0.22.5.1-hc364b38_6",
    "m2-libiconv-1.18.1-hc364b38_6",
    "m2-bash-5.2.037.2-hc364b38_6",
    "m2-gcc-libs-13.3.0.1-hc364b38_6",
    "m2-filesystem-2025.02.23.1-hc364b38_10",
]

[[tools."conda:m2-gawk"]]
version = "5.3.2.1"
backend = "conda:m2-gawk"

[tools."conda:m2-gawk".options]
channel = "conda-forge"

[tools."conda:m2-gawk"."platforms.windows-x64"]
checksum = "sha256:ab10ddd31d98d4e542fac9a4016a82c6ac7567f06d06a0c6226de6b04b00cf21"
url = "https://conda.anaconda.org/conda-forge/noarch/m2-gawk-5.3.2.1-hc364b38_6.conda"
conda_deps = [
    "m2-conda-epoch-20250515-0_x86_64",
    "m2-msys2-runtime-3.6.1.4-hc364b38_6",
    "m2-libreadline-8.2.013.1-hc364b38_6",
    "m2-libintl-0.22.5.1-hc364b38_6",
    "m2-mpfr-4.2.2.1-hc364b38_6",
    "m2-bash-5.2.037.2-hc364b38_6",
    "m2-ncurses-6.5.20240831.2-hc364b38_6",
    "m2-libiconv-1.18.1-hc364b38_6",
    "m2-gcc-libs-13.3.0.1-hc364b38_6",
    "m2-gmp-6.3.0.1-hc364b38_6",
    "m2-filesystem-2025.02.23.1-hc364b38_10",
]

[[tools."conda:m2-grep"]]
version = "2.22"
backend = "conda:m2-grep"

[tools."conda:m2-grep".options]
channel = "conda-forge"

[tools."conda:m2-grep"."platforms.windows-x64"]
checksum = "sha256:3643d3ebb230c47a63c06223d2a0b260689c86511af6bd20244121f168d8d377"
url = "https://conda.anaconda.org/conda-forge/win-64/m2-grep-2.22-4.tar.bz2"
conda_deps = [
    "msys2-conda-epoch-20160418-1",
    "m2-libpcre-8.38-2",
    "m2-libintl-0.19.7-4",
    "m2-libiconv-1.14-3",
    "m2-bash-4.3.042-5",
    "m2-gcc-libs-5.3.0-4",
    "m2-msys2-runtime-2.5.0.17080.65c939c-3",
]

[[tools."conda:m2-sed"]]
version = "4.9.1"
backend = "conda:m2-sed"

[tools."conda:m2-sed".options]
channel = "conda-forge"

[tools."conda:m2-sed"."platforms.windows-x64"]
checksum = "sha256:5c3ca07ba6bd47e56484f6a1a37bf143c5759340a425fee3043c214d8c5fd322"
url = "https://conda.anaconda.org/conda-forge/noarch/m2-sed-4.9.1-hc364b38_6.conda"
conda_deps = [
    "m2-conda-epoch-20250515-0_x86_64",
    "m2-msys2-runtime-3.6.1.4-hc364b38_6",
    "m2-bash-5.2.037.2-hc364b38_6",
    "m2-libintl-0.22.5.1-hc364b38_6",
    "m2-libiconv-1.18.1-hc364b38_6",
    "m2-gcc-libs-13.3.0.1-hc364b38_6",
    "m2-filesystem-2025.02.23.1-hc364b38_10",
]

[[tools."github:brechtsanders/winlibs_mingw"]]
version = "16.1.0posix-14.0.0-msvcrt-r3"
backend = "github:brechtsanders/winlibs_mingw"

[tools."github:brechtsanders/winlibs_mingw".options]
matching = "winlibs-x86_64-posix-seh-gcc-16.1.0-mingw-w64msvcrt-14.0.0-r3.zip"

[tools."github:brechtsanders/winlibs_mingw"."platforms.linux-x64"]
checksum = "sha256:38bceeff9d6f227e8a2fc0e5eb63a8b7e0f4b5cf2db8120e8e13862fdaaa2c87"
url = "https://github.com/brechtsanders/winlibs_mingw/releases/download/16.1.0posix-14.0.0-msvcrt-r3/winlibs-x86_64-posix-seh-gcc-16.1.0-mingw-w64msvcrt-14.0.0-r3.zip"
url_api = "https://api.github.com/repos/brechtsanders/winlibs_mingw/releases/assets/443578899"

[tools."github:brechtsanders/winlibs_mingw"."platforms.macos-x64"]
checksum = "sha256:38bceeff9d6f227e8a2fc0e5eb63a8b7e0f4b5cf2db8120e8e13862fdaaa2c87"
url = "https://github.com/brechtsanders/winlibs_mingw/releases/download/16.1.0posix-14.0.0-msvcrt-r3/winlibs-x86_64-posix-seh-gcc-16.1.0-mingw-w64msvcrt-14.0.0-r3.zip"
url_api = "https://api.github.com/repos/brechtsanders/winlibs_mingw/releases/assets/443578899"

[tools."github:brechtsanders/winlibs_mingw"."platforms.windows-x64"]
checksum = "sha256:38bceeff9d6f227e8a2fc0e5eb63a8b7e0f4b5cf2db8120e8e13862fdaaa2c87"
url = "https://github.com/brechtsanders/winlibs_mingw/releases/download/16.1.0posix-14.0.0-msvcrt-r3/winlibs-x86_64-posix-seh-gcc-16.1.0-mingw-w64msvcrt-14.0.0-r3.zip"
url_api = "https://api.github.com/repos/brechtsanders/winlibs_mingw/releases/assets/443578899"

[[tools.rust]]
version = "stable-x86_64-pc-windows-gnullvm"
backend = "core:rust"

[tools.rust.options]
components = "clippy,rust-analyzer"
profile = "minimal"
targets = "wasm32-unknown-unknown,wasm32-wasip2,x86_64-pc-windows-gnu"

[[tools.rust]]
version = "nightly-2026-08-05-x86_64-pc-windows-gnullvm"
backend = "core:rust"

[tools.rust.options]
components = "rust-src,rustfmt"
profile = "minimal"
targets = "wasm32-unknown-unknown,wasm32-wasip2,x86_64-pc-windows-gnu"
