# @generated - this file is auto-generated by `mise lock` https://mise.jdx.dev/dev-tools/mise-lock.html

[[tools."http:oxfmt"]]
version = "0.54.0"
backend = "http:oxfmt"

[tools."http:oxfmt".options]
rename_exe = "oxfmt"

[tools."http:oxfmt"."platforms.linux-arm64"]
checksum = "blake3:dd01694ec12d56044335c46dac31c81818301f1105a070daa3a7a17b4c3c43e0"
url = "https://github.com/oxc-project/oxc/releases/download/apps_v1.69.0/oxfmt-aarch64-unknown-linux-gnu.tar.gz"

[tools."http:oxfmt"."platforms.linux-x64"]
checksum = "blake3:81f1adca5230c938968d88e06bc9d9ae6d9d34ee0c849d1e4b43d07562605ec5"
url = "https://github.com/oxc-project/oxc/releases/download/apps_v1.69.0/oxfmt-x86_64-unknown-linux-gnu.tar.gz"

[tools."http:oxfmt"."platforms.macos-arm64"]
url = "https://github.com/oxc-project/oxc/releases/download/apps_v1.69.0/oxfmt-aarch64-apple-darwin.tar.gz"

[tools."http:oxfmt"."platforms.macos-x64"]
url = "https://github.com/oxc-project/oxc/releases/download/apps_v1.69.0/oxfmt-x86_64-apple-darwin.tar.gz"

[tools."http:oxfmt"."platforms.windows-x64"]
url = "https://github.com/oxc-project/oxc/releases/download/apps_v1.69.0/oxfmt-x86_64-pc-windows-msvc.zip"

[[tools."http:oxlint"]]
version = "1.73.0"
backend = "http:oxlint"

[tools."http:oxlint".options]
rename_exe = "oxlint"

[tools."http:oxlint"."platforms.linux-arm64"]
checksum = "blake3:eed69dc4ba51208c71166f27a022e6864f01e58ce96f8590972b59359e2bcc91"
url = "https://github.com/oxc-project/oxc/releases/download/apps_v1.73.0/oxlint-aarch64-unknown-linux-gnu.tar.gz"

[tools."http:oxlint"."platforms.linux-x64"]
checksum = "blake3:974e8e6b96e5e21882977efdf829ae4043e5424351f27a245ce22da93670fd94"
url = "https://github.com/oxc-project/oxc/releases/download/apps_v1.73.0/oxlint-x86_64-unknown-linux-gnu.tar.gz"

[tools."http:oxlint"."platforms.macos-arm64"]
url = "https://github.com/oxc-project/oxc/releases/download/apps_v1.73.0/oxlint-aarch64-apple-darwin.tar.gz"

[tools."http:oxlint"."platforms.macos-x64"]
url = "https://github.com/oxc-project/oxc/releases/download/apps_v1.73.0/oxlint-x86_64-apple-darwin.tar.gz"

[tools."http:oxlint"."platforms.windows-x64"]
url = "https://github.com/oxc-project/oxc/releases/download/apps_v1.73.0/oxlint-x86_64-pc-windows-msvc.zip"

[[tools."npm:@huggingface/transformers"]]
version = "4.2.0"
backend = "npm:@huggingface/transformers"

[[tools."npm:@mediapipe/tasks-vision"]]
version = "1.0.0"
backend = "npm:@mediapipe/tasks-vision"

[[tools."npm:onnxruntime-web"]]
version = "1.27.0"
backend = "npm:onnxruntime-web"

[[tools."npm:oxlint-tsgolint"]]
version = "0.24.0"
backend = "npm:oxlint-tsgolint"

[[tools."npm:pnpm"]]
version = "11.21.0"
backend = "npm:pnpm"

[[tools."npm:stats-gl"]]
version = "4.2.3"
backend = "npm:stats-gl"
