# @generated - this file is auto-generated by `mise lock` https://mise.jdx.dev/dev-tools/mise-lock.html

[conda-packages.linux-arm64."_openmp_mutex-4.5-20_gnu"]
url = "https://conda.anaconda.org/conda-forge/linux-aarch64/_openmp_mutex-4.5-20_gnu.conda"
checksum = "sha256:a2527b1d81792a0ccd2c05850960df119c2b6d8f5fdec97f2db7d25dc23b1068"

[conda-packages.linux-arm64."libgcc-16.1.0-h205dda4_1"]
url = "https://conda.anaconda.org/conda-forge/linux-aarch64/libgcc-16.1.0-h205dda4_1.conda"
checksum = "sha256:88a3d400c678df034c9d498f32503779977d5ea826063687c663e42c945abed5"

[conda-packages.linux-arm64."libgcc-ng-16.1.0-he9431aa_1"]
url = "https://conda.anaconda.org/conda-forge/linux-aarch64/libgcc-ng-16.1.0-he9431aa_1.conda"
checksum = "sha256:e0456b4b49e8f9f9ffc04b1b412101ea2c38476eaceb9a0e4e16792d7cfdd929"

[conda-packages.linux-arm64."libgomp-16.1.0-h8acb6b2_1"]
url = "https://conda.anaconda.org/conda-forge/linux-aarch64/libgomp-16.1.0-h8acb6b2_1.conda"
checksum = "sha256:1c609a4a72597350317b92c4d9dfb85d21740219048e2b1d458925a6ccfa3d7a"

[conda-packages.linux-x64."_openmp_mutex-4.5-20_gnu"]
url = "https://conda.anaconda.org/conda-forge/linux-64/_openmp_mutex-4.5-20_gnu.conda"
checksum = "sha256:1dd3fffd892081df9726d7eb7e0dea6198962ba775bd88842135a4ddb4deb3c9"

[conda-packages.linux-x64."libgcc-16.1.0-ha9f2e26_1"]
url = "https://conda.anaconda.org/conda-forge/linux-64/libgcc-16.1.0-ha9f2e26_1.conda"
checksum = "sha256:d5cb8475131c31680f8fd30512c418f373064e272e452063276a8fb14c9fa42f"

[conda-packages.linux-x64."libgcc-ng-16.1.0-h69a702a_1"]
url = "https://conda.anaconda.org/conda-forge/linux-64/libgcc-ng-16.1.0-h69a702a_1.conda"
checksum = "sha256:225275c562337a1cd61705da0ee4235dde7bba7504de1c34b74c894adb2b0eee"

[conda-packages.linux-x64."libgomp-16.1.0-he0feb66_1"]
url = "https://conda.anaconda.org/conda-forge/linux-64/libgomp-16.1.0-he0feb66_1.conda"
checksum = "sha256:62cb599ad0539d99386515326d9d5e8f51f75a60c69c2131b21df76edf35bd89"

[conda-packages.windows-x64."ucrt-10.0.26100.0-h57928b3_0"]
url = "https://conda.anaconda.org/conda-forge/win-64/ucrt-10.0.26100.0-h57928b3_0.conda"
checksum = "sha256:3005729dce6f3d3f5ec91dfc49fc75a0095f9cd23bab49efb899657297ac91a5"

[conda-packages.windows-x64."vc-14.5-ha367084_41"]
url = "https://conda.anaconda.org/conda-forge/win-64/vc-14.5-ha367084_41.conda"
checksum = "sha256:35444c55a92e2f7f7ba26bc70f81e56e52344f7d064c0fd4b40a46a58517b79c"

[conda-packages.windows-x64."vc14_runtime-14.51.36247-habf1de7_41"]
url = "https://conda.anaconda.org/conda-forge/win-64/vc14_runtime-14.51.36247-habf1de7_41.conda"
checksum = "sha256:4e4cb599cdc41bf2109d1464c127b5bcbddf548ce3e322e612afb691338b48f8"

[conda-packages.windows-x64."vcomp14-14.51.36247-habf1de7_41"]
url = "https://conda.anaconda.org/conda-forge/win-64/vcomp14-14.51.36247-habf1de7_41.conda"
checksum = "sha256:731e043390c9457299484d39e427221fc868a9249540a498a5a4f6456c7744d1"

[[tools."conda:nasm"]]
version = "2.16.03"
backend = "conda:nasm"

[tools."conda:nasm".options]
channel = "conda-forge"

[tools."conda:nasm"."platforms.linux-arm64"]
checksum = "sha256:af354688ee0ab41bd6d538b5c12fc392825da0e9549d5b4256ec13704b177bbd"
url = "https://conda.anaconda.org/conda-forge/linux-aarch64/nasm-2.16.03-h68df207_1.conda"
conda_deps = [
    "libgcc-ng-16.1.0-he9431aa_1",
    "libgcc-16.1.0-h205dda4_1",
    "_openmp_mutex-4.5-20_gnu",
    "libgomp-16.1.0-h8acb6b2_1",
]

[tools."conda:nasm"."platforms.linux-x64"]
checksum = "sha256:d01bfa655ad08d33dc5830a5166c7b664143df24fab59d41df15f076c58000b6"
url = "https://conda.anaconda.org/conda-forge/linux-64/nasm-2.16.03-h4bc722e_1.conda"
conda_deps = [
    "libgcc-ng-16.1.0-h69a702a_1",
    "libgcc-16.1.0-ha9f2e26_1",
    "_openmp_mutex-4.5-20_gnu",
    "libgomp-16.1.0-he0feb66_1",
]

[tools."conda:nasm"."platforms.windows-x64"]
checksum = "sha256:cce00ed17e684bf84c8cc592de578fedfb93b2d2357256c41c262b67ceacf6e7"
url = "https://conda.anaconda.org/conda-forge/win-64/nasm-2.16.03-hfd05255_1.conda"
conda_deps = [
    "ucrt-10.0.26100.0-h57928b3_0",
    "vc-14.5-ha367084_41",
    "vc14_runtime-14.51.36247-habf1de7_41",
    "vcomp14-14.51.36247-habf1de7_41",
]

[[tools.rust]]
version = "stable-x86_64-pc-windows-gnullvm"
backend = "core:rust"

[tools.rust.options]
components = "clippy,rust-analyzer"
profile = "minimal"
targets = "wasm32-unknown-unknown,wasm32-wasip2,x86_64-pc-windows-msvc"

[[tools.rust]]
version = "nightly-2026-08-05-x86_64-pc-windows-gnullvm"
backend = "core:rust"

[tools.rust.options]
components = "rust-src,rustfmt"
profile = "minimal"
targets = "wasm32-unknown-unknown,wasm32-wasip2,x86_64-pc-windows-msvc"
