# @generated - this file is auto-generated by `mise lock` https://mise.jdx.dev/dev-tools/mise-lock.html

[conda-packages.linux-arm64."_openmp_mutex-4.5-20_gnu"]
url = "https://conda.anaconda.org/conda-forge/linux-aarch64/_openmp_mutex-4.5-20_gnu.conda"
checksum = "sha256:a2527b1d81792a0ccd2c05850960df119c2b6d8f5fdec97f2db7d25dc23b1068"

[conda-packages.linux-arm64."binutils-2.46.1-default_hf1166c9_102"]
url = "https://conda.anaconda.org/conda-forge/linux-aarch64/binutils-2.46.1-default_hf1166c9_102.conda"
checksum = "sha256:548d128bc257badd2d9dbdff8173eb693fcbec84ceeb0fa74cbfed141ed42ad9"

[conda-packages.linux-arm64."binutils_impl_linux-aarch64-2.46.1-default_h5f4c503_102"]
url = "https://conda.anaconda.org/conda-forge/linux-aarch64/binutils_impl_linux-aarch64-2.46.1-default_h5f4c503_102.conda"
checksum = "sha256:eebe159bf600943552e4319ff4ce27b6a2dadf0dcc5443e76dcee9259a408e11"

[conda-packages.linux-arm64."clang-22-22.1.7-default_h2a92e99_1"]
url = "https://conda.anaconda.org/conda-forge/linux-aarch64/clang-22-22.1.7-default_h2a92e99_1.conda"
checksum = "sha256:9e7c0ada4d29cce433d2a006f80521000a2112049b005bbd8078483324aa0823"

[conda-packages.linux-arm64."clang_impl_linux-aarch64-22.1.7-default_h1168dbd_1"]
url = "https://conda.anaconda.org/conda-forge/linux-aarch64/clang_impl_linux-aarch64-22.1.7-default_h1168dbd_1.conda"
checksum = "sha256:4e8522e436ee8c7238e553701ce0d11b07b96e9448c1ca9a95c590e791c63260"

[conda-packages.linux-arm64."compiler-rt-22.1.7-h8af1aa0_0"]
url = "https://conda.anaconda.org/conda-forge/linux-aarch64/compiler-rt-22.1.7-h8af1aa0_0.conda"
checksum = "sha256:73e562aaf4d28cc20016fd2dcddeedbbd6a471a2c93066921aebcf56211e91a5"

[conda-packages.linux-arm64."compiler-rt22-22.1.7-hfefdfc9_0"]
url = "https://conda.anaconda.org/conda-forge/linux-aarch64/compiler-rt22-22.1.7-hfefdfc9_0.conda"
checksum = "sha256:89dc80694e4b8f89329b99c09528db8a11a8193fcf128e3616a9dd7bb0d9f5af"

[conda-packages.linux-arm64."compiler-rt22_linux-aarch64-22.1.7-hfefdfc9_0"]
url = "https://conda.anaconda.org/conda-forge/noarch/compiler-rt22_linux-aarch64-22.1.7-hfefdfc9_0.conda"
checksum = "sha256:324fb1c2f8832337e14b5b69af566d97de2535a9de7ca0dcabd0850aee5c2583"

[conda-packages.linux-arm64."compiler-rt_linux-aarch64-22.1.7-h8af1aa0_0"]
url = "https://conda.anaconda.org/conda-forge/noarch/compiler-rt_linux-aarch64-22.1.7-h8af1aa0_0.conda"
checksum = "sha256:9b7edee12b8df41ca8edb25822208ad16a1045d7cb80812e16f69d131665f203"

[conda-packages.linux-arm64."kernel-headers_linux-aarch64-6.12.0-h05a177a_6"]
url = "https://conda.anaconda.org/conda-forge/noarch/kernel-headers_linux-aarch64-6.12.0-h05a177a_6.conda"
checksum = "sha256:2251f81ccc1d3bb38873cbcdcf43c15f424a057714a7c7a4756e3c68440ad0e9"

[conda-packages.linux-arm64."ld_impl_linux-aarch64-2.46.1-default_h1979696_102"]
url = "https://conda.anaconda.org/conda-forge/linux-aarch64/ld_impl_linux-aarch64-2.46.1-default_h1979696_102.conda"
checksum = "sha256:2c4901f4227b0850328ed0c69f958b30ad2cd18982f7a31c7c1f911827004d08"

[conda-packages.linux-arm64."libclang-cpp22.1-22.1.7-default_h2a92e99_1"]
url = "https://conda.anaconda.org/conda-forge/linux-aarch64/libclang-cpp22.1-22.1.7-default_h2a92e99_1.conda"
checksum = "sha256:ff9e0d7dbe8abc4192cdbeb8f6339084250937fc68693ad4875782768aa5974b"

[conda-packages.linux-arm64."libcompiler-rt-22.1.7-hfefdfc9_0"]
url = "https://conda.anaconda.org/conda-forge/linux-aarch64/libcompiler-rt-22.1.7-hfefdfc9_0.conda"
checksum = "sha256:18c469676375208f447efdf3cfd424193da2f252ffe6abf779cfe4f97867abf6"

[conda-packages.linux-arm64."libgcc-16.1.0-h205dda4_1"]
url = "https://conda.anaconda.org/conda-forge/linux-aarch64/libgcc-16.1.0-h205dda4_1.conda"
checksum = "sha256:88a3d400c678df034c9d498f32503779977d5ea826063687c663e42c945abed5"

[conda-packages.linux-arm64."libgcc-devel_linux-aarch64-16.1.0-hd673532_101"]
url = "https://conda.anaconda.org/conda-forge/noarch/libgcc-devel_linux-aarch64-16.1.0-hd673532_101.conda"
checksum = "sha256:885f0d8a47f7ea50d7b33d07a240f2301935602b9d2a39a35b5018b13e934100"

[conda-packages.linux-arm64."libgomp-16.1.0-h8acb6b2_1"]
url = "https://conda.anaconda.org/conda-forge/linux-aarch64/libgomp-16.1.0-h8acb6b2_1.conda"
checksum = "sha256:1c609a4a72597350317b92c4d9dfb85d21740219048e2b1d458925a6ccfa3d7a"

[conda-packages.linux-arm64."libiconv-1.18-h90929bb_2"]
url = "https://conda.anaconda.org/conda-forge/linux-aarch64/libiconv-1.18-h90929bb_2.conda"
checksum = "sha256:1473451cd282b48d24515795a595801c9b65b567fe399d7e12d50b2d6cdb04d9"

[conda-packages.linux-arm64."libllvm22-22.1.8-hfd2ba90_1"]
url = "https://conda.anaconda.org/conda-forge/linux-aarch64/libllvm22-22.1.8-hfd2ba90_1.conda"
checksum = "sha256:dc943f1730a27f5fb36682c9852f7196f671c3a9df4a0a7a8f7ba665637c9151"

[conda-packages.linux-arm64."liblzma-5.8.3-he30d5cf_1"]
url = "https://conda.anaconda.org/conda-forge/linux-aarch64/liblzma-5.8.3-he30d5cf_1.conda"
checksum = "sha256:f760669fd1cea27f689f411c0d5488e26ce50e382c9b63e4ad348f959850124a"

[conda-packages.linux-arm64."libstdcxx-16.1.0-hef695bb_1"]
url = "https://conda.anaconda.org/conda-forge/linux-aarch64/libstdcxx-16.1.0-hef695bb_1.conda"
checksum = "sha256:81ef9a10a0e01ffc7e03d429ed048410153411b2d8bbf95c334bdf3dcf175ab0"

[conda-packages.linux-arm64."libxml2-16-2.15.3-h064b767_0"]
url = "https://conda.anaconda.org/conda-forge/linux-aarch64/libxml2-16-2.15.3-h064b767_0.conda"
checksum = "sha256:96e9bd642c013ce3407c23b3819204ea8a591567d62b49baa4bafb2f1487326c"

[conda-packages.linux-arm64."libxml2-2.15.3-h9ba8346_0"]
url = "https://conda.anaconda.org/conda-forge/linux-aarch64/libxml2-2.15.3-h9ba8346_0.conda"
checksum = "sha256:74aa3c62e0ec4491343b95ce4ca8812ad2f9bb015369e29cb3b4b9b4302d8cb0"

[conda-packages.linux-arm64."libzlib-1.3.2-hdc9db2a_3"]
url = "https://conda.anaconda.org/conda-forge/linux-aarch64/libzlib-1.3.2-hdc9db2a_3.conda"
checksum = "sha256:76efa6cc9d7e6f5ee3bbca0939f64054af2bdfb3c3632531f8e633cf6c2ea41e"

[conda-packages.linux-arm64."llvm-openmp-22.1.8-he40846f_0"]
url = "https://conda.anaconda.org/conda-forge/linux-aarch64/llvm-openmp-22.1.8-he40846f_0.conda"
checksum = "sha256:30bbb0ce4ae7cebbeb9801af5bbd2a29f8627237a38d08fc5d8d800e79c817aa"

[conda-packages.linux-arm64."sysroot_linux-aarch64-2.39-h934ec21_6"]
url = "https://conda.anaconda.org/conda-forge/noarch/sysroot_linux-aarch64-2.39-h934ec21_6.conda"
checksum = "sha256:bf817fbdb9953dda8f4b0d3c5bdf23a072c6baf6d39cb80e067f274a9d6feaf2"

[conda-packages.linux-arm64.tzdata-2026c-h151e31d_0]
url = "https://conda.anaconda.org/conda-forge/noarch/tzdata-2026c-h151e31d_0.conda"
checksum = "sha256:b928c30ddcb0e3f544c6eade8352737e6e610e263276b90232db6a578ef899d8"

[conda-packages.linux-arm64."zstd-1.5.7-h9d15635_7"]
url = "https://conda.anaconda.org/conda-forge/linux-aarch64/zstd-1.5.7-h9d15635_7.conda"
checksum = "sha256:427fd14bcb3b8659796fecc682716617409350fb5a98e5b7b47558a10d1a2fc7"

[conda-packages.linux-x64."_openmp_mutex-4.5-20_gnu"]
url = "https://conda.anaconda.org/conda-forge/linux-64/_openmp_mutex-4.5-20_gnu.conda"
checksum = "sha256:1dd3fffd892081df9726d7eb7e0dea6198962ba775bd88842135a4ddb4deb3c9"

[conda-packages.linux-x64."binutils-2.46.1-default_h4852527_102"]
url = "https://conda.anaconda.org/conda-forge/linux-64/binutils-2.46.1-default_h4852527_102.conda"
checksum = "sha256:659c367ef49df7741749a2ad240b007d7df51b4f210505a78543deafb001e44c"

[conda-packages.linux-x64."binutils_impl_linux-64-2.46.1-default_hfdba357_102"]
url = "https://conda.anaconda.org/conda-forge/linux-64/binutils_impl_linux-64-2.46.1-default_hfdba357_102.conda"
checksum = "sha256:fb7bf36984a37ce7e4714d1d1da0bd0e3bfc679520f5cdc184afc676fd4b5da2"

[conda-packages.linux-x64."clang-22-22.1.7-default_h99862b1_1"]
url = "https://conda.anaconda.org/conda-forge/linux-64/clang-22-22.1.7-default_h99862b1_1.conda"
checksum = "sha256:38c0c7bae81c823ae6415efb148bb725649daa21d8ec86ad68edf96515752ea5"

[conda-packages.linux-x64."clang_impl_linux-64-22.1.7-default_h0a60c25_1"]
url = "https://conda.anaconda.org/conda-forge/linux-64/clang_impl_linux-64-22.1.7-default_h0a60c25_1.conda"
checksum = "sha256:a21fa9532a6a5b6b71344ded3254e22d05e30089e674b690636de20a0a31b86e"

[conda-packages.linux-x64."compiler-rt-22.1.7-ha770c72_0"]
url = "https://conda.anaconda.org/conda-forge/linux-64/compiler-rt-22.1.7-ha770c72_0.conda"
checksum = "sha256:5c3fd5b891f1899dd2850f6df69a9796728e0dcc0491106bd34bc8309c743159"

[conda-packages.linux-x64."compiler-rt22-22.1.7-hb700be7_0"]
url = "https://conda.anaconda.org/conda-forge/linux-64/compiler-rt22-22.1.7-hb700be7_0.conda"
checksum = "sha256:69dcd7ebbda0395092a250f7a6a6849e136ef83e50fb011b7bccbaff8387ab18"

[conda-packages.linux-x64."compiler-rt22_linux-64-22.1.7-hffcefe0_0"]
url = "https://conda.anaconda.org/conda-forge/noarch/compiler-rt22_linux-64-22.1.7-hffcefe0_0.conda"
checksum = "sha256:0184dc333e3dc0c1973f6d354015cd3533625571bf2ad97dfa287a18a1ac2945"

[conda-packages.linux-x64."compiler-rt_linux-64-22.1.7-ha770c72_0"]
url = "https://conda.anaconda.org/conda-forge/noarch/compiler-rt_linux-64-22.1.7-ha770c72_0.conda"
checksum = "sha256:e86ef4ebeafa37917cc2a8d63381dfb397a285d9c4aa61a8da21d2812c2f805f"

[conda-packages.linux-x64."icu-78.3-py310h44b86e0_2"]
url = "https://conda.anaconda.org/conda-forge/linux-64/icu-78.3-py310h44b86e0_2.conda"
checksum = "sha256:9f07834f0c546ab14d885ce0366285f61f44e326c0edd1fc63b8294e113ae432"

[conda-packages.linux-x64."kernel-headers_linux-64-6.12.0-he073ed8_6"]
url = "https://conda.anaconda.org/conda-forge/noarch/kernel-headers_linux-64-6.12.0-he073ed8_6.conda"
checksum = "sha256:73b11f31db6c9ebe63d900334fa4f46859aa1ddd8f37cfa5f25a043e0a59253c"

[conda-packages.linux-x64."ld_impl_linux-64-2.46.1-default_hbd61a6d_102"]
url = "https://conda.anaconda.org/conda-forge/linux-64/ld_impl_linux-64-2.46.1-default_hbd61a6d_102.conda"
checksum = "sha256:27d83f1188cd19bcb7754a078b3fa7f4cfb8527f8eb2fde54dd01fc529d1adec"

[conda-packages.linux-x64."libclang-cpp22.1-22.1.7-default_h99862b1_1"]
url = "https://conda.anaconda.org/conda-forge/linux-64/libclang-cpp22.1-22.1.7-default_h99862b1_1.conda"
checksum = "sha256:e638accaebe12402ce1c80ac2ba04be8114bbaa71d4012fbe8f2661fa76ea841"

[conda-packages.linux-x64."libcompiler-rt-22.1.7-hb700be7_0"]
url = "https://conda.anaconda.org/conda-forge/linux-64/libcompiler-rt-22.1.7-hb700be7_0.conda"
checksum = "sha256:0a88373df59c14af4b28d517362d499b635ff4c3fafda489909e27fb0cbe359c"

[conda-packages.linux-x64."libgcc-16.1.0-ha9f2e26_1"]
url = "https://conda.anaconda.org/conda-forge/linux-64/libgcc-16.1.0-ha9f2e26_1.conda"
checksum = "sha256:d5cb8475131c31680f8fd30512c418f373064e272e452063276a8fb14c9fa42f"

[conda-packages.linux-x64."libgcc-devel_linux-64-16.1.0-h59071f9_101"]
url = "https://conda.anaconda.org/conda-forge/noarch/libgcc-devel_linux-64-16.1.0-h59071f9_101.conda"
checksum = "sha256:b314251d957b16c71ec241119ac09b9530c5c4ce140026ec98d297f55d6c5e08"

[conda-packages.linux-x64."libgomp-16.1.0-he0feb66_1"]
url = "https://conda.anaconda.org/conda-forge/linux-64/libgomp-16.1.0-he0feb66_1.conda"
checksum = "sha256:62cb599ad0539d99386515326d9d5e8f51f75a60c69c2131b21df76edf35bd89"

[conda-packages.linux-x64."libiconv-1.18-h3b78370_2"]
url = "https://conda.anaconda.org/conda-forge/linux-64/libiconv-1.18-h3b78370_2.conda"
checksum = "sha256:c467851a7312765447155e071752d7bf9bf44d610a5687e32706f480aad2833f"

[conda-packages.linux-x64."libllvm22-22.1.8-hf7376ad_1"]
url = "https://conda.anaconda.org/conda-forge/linux-64/libllvm22-22.1.8-hf7376ad_1.conda"
checksum = "sha256:e9b5f301d6b001a9b8ce782157f56b75c92c4fbc9eba95dc6345c1139251d13b"

[conda-packages.linux-x64."liblzma-5.8.3-hb03c661_1"]
url = "https://conda.anaconda.org/conda-forge/linux-64/liblzma-5.8.3-hb03c661_1.conda"
checksum = "sha256:9787df8c22a59c9a70d3e5a10db9ad663485e75e9ccc3f09bd092cb7b95e0dab"

[conda-packages.linux-x64."libstdcxx-16.1.0-h934c35e_1"]
url = "https://conda.anaconda.org/conda-forge/linux-64/libstdcxx-16.1.0-h934c35e_1.conda"
checksum = "sha256:79721dd08aeb0ab9e773f1f9ef41cf4e6c17477e3d72319147619045bce05a09"

[conda-packages.linux-x64."libxml2-16-2.15.3-hca6bf5a_0"]
url = "https://conda.anaconda.org/conda-forge/linux-64/libxml2-16-2.15.3-hca6bf5a_0.conda"
checksum = "sha256:3d44f737c5ae52d5af32682cc1530df433f401f8e58a7533926536244127572a"

[conda-packages.linux-x64."libxml2-2.15.3-h49c6c72_0"]
url = "https://conda.anaconda.org/conda-forge/linux-64/libxml2-2.15.3-h49c6c72_0.conda"
checksum = "sha256:3bc5551720c58591f6ea1146f7d1539c734ed1c40e7b9f5cb8cb7e900c509aba"

[conda-packages.linux-x64."libzlib-1.3.2-h25fd6f3_3"]
url = "https://conda.anaconda.org/conda-forge/linux-64/libzlib-1.3.2-h25fd6f3_3.conda"
checksum = "sha256:eb8a0db0aa570124f7d2a93d7c7f596e3390df5e047818d873baad32985fc736"

[conda-packages.linux-x64."llvm-openmp-22.1.8-h4922eb0_0"]
url = "https://conda.anaconda.org/conda-forge/linux-64/llvm-openmp-22.1.8-h4922eb0_0.conda"
checksum = "sha256:a37aba21b85800af1e7c5b04ba76abab96b6e591eedf99dc6e4df83b0fefd7a5"

[conda-packages.linux-x64."sysroot_linux-64-2.39-hc4b9eeb_6"]
url = "https://conda.anaconda.org/conda-forge/noarch/sysroot_linux-64-2.39-hc4b9eeb_6.conda"
checksum = "sha256:7d235e4337f122f3439d0196e1c1c6e715a5b88fcbf24f944510186c84168e45"

[conda-packages.linux-x64.tzdata-2026c-h151e31d_0]
url = "https://conda.anaconda.org/conda-forge/noarch/tzdata-2026c-h151e31d_0.conda"
checksum = "sha256:b928c30ddcb0e3f544c6eade8352737e6e610e263276b90232db6a578ef899d8"

[conda-packages.linux-x64."zstd-1.5.7-hb78ec9c_7"]
url = "https://conda.anaconda.org/conda-forge/linux-64/zstd-1.5.7-hb78ec9c_7.conda"
checksum = "sha256:47d682b9f6d6ec9eb1a6e6c3e75ea6273e899e78fb7fc59f81d39745009fbc60"

[conda-packages.windows-x64."clang-22-22.1.7-default_hac490eb_1"]
url = "https://conda.anaconda.org/conda-forge/win-64/clang-22-22.1.7-default_hac490eb_1.conda"
checksum = "sha256:5fb98251c0547e128ef108f1f120b3bb7ac2200139732b8b42efb71e5c664279"

[conda-packages.windows-x64."compiler-rt22-22.1.7-h49e36cd_0"]
url = "https://conda.anaconda.org/conda-forge/win-64/compiler-rt22-22.1.7-h49e36cd_0.conda"
checksum = "sha256:0254a8b7fed783b81eebbaafb6940e7a064289bab8aeda86672b9fb2d568af9e"

[conda-packages.windows-x64."compiler-rt22_win-64-22.1.7-h49e36cd_0"]
url = "https://conda.anaconda.org/conda-forge/noarch/compiler-rt22_win-64-22.1.7-h49e36cd_0.conda"
checksum = "sha256:75e6dd239778206bc8690401be65ca5672b8c9fc7213decfe51733e101d985b8"

[conda-packages.windows-x64."libzlib-1.3.2-hfd05255_3"]
url = "https://conda.anaconda.org/conda-forge/win-64/libzlib-1.3.2-hfd05255_3.conda"
checksum = "sha256:0629c2cc0404d3bb29d6baa7b4ba62da80797015e86de050db81ea5a07050527"

[conda-packages.windows-x64."llvm-openmp-22.1.8-h4fa8253_0"]
url = "https://conda.anaconda.org/conda-forge/win-64/llvm-openmp-22.1.8-h4fa8253_0.conda"
checksum = "sha256:50c02902bb516eeb56680358f052be38b5bf74b40e78ea4b2a675e84957e7307"

[conda-packages.windows-x64."ucrt-10.0.26100.0-h57928b3_0"]
url = "https://conda.anaconda.org/conda-forge/win-64/ucrt-10.0.26100.0-h57928b3_0.conda"
checksum = "sha256:3005729dce6f3d3f5ec91dfc49fc75a0095f9cd23bab49efb899657297ac91a5"

[conda-packages.windows-x64."vc-14.5-ha367084_41"]
url = "https://conda.anaconda.org/conda-forge/win-64/vc-14.5-ha367084_41.conda"
checksum = "sha256:35444c55a92e2f7f7ba26bc70f81e56e52344f7d064c0fd4b40a46a58517b79c"

[conda-packages.windows-x64."vc14_runtime-14.51.36247-habf1de7_41"]
url = "https://conda.anaconda.org/conda-forge/win-64/vc14_runtime-14.51.36247-habf1de7_41.conda"
checksum = "sha256:4e4cb599cdc41bf2109d1464c127b5bcbddf548ce3e322e612afb691338b48f8"

[conda-packages.windows-x64."vcomp14-14.51.36247-habf1de7_41"]
url = "https://conda.anaconda.org/conda-forge/win-64/vcomp14-14.51.36247-habf1de7_41.conda"
checksum = "sha256:731e043390c9457299484d39e427221fc868a9249540a498a5a4f6456c7744d1"

[conda-packages.windows-x64."zstd-1.5.7-h534d264_7"]
url = "https://conda.anaconda.org/conda-forge/win-64/zstd-1.5.7-h534d264_7.conda"
checksum = "sha256:ca7daae4f218a11fab82cc2857f0ea518ec3f46acec60490485347a4c22c6b3e"

[[tools."conda:clang"]]
version = "22.1.7"
backend = "conda:clang"

[tools."conda:clang".options]
channel = "conda-forge"

[tools."conda:clang"."platforms.linux-arm64"]
checksum = "sha256:e0672f305242539d1325bdd0b1b80a9efdcf1542c25b2eaa70f05a89aac7861a"
url = "https://conda.anaconda.org/conda-forge/linux-aarch64/clang-22.1.7-default_cfg_h99ebb92_1.conda"
conda_deps = [
    "clang_impl_linux-aarch64-22.1.7-default_h1168dbd_1",
    "clang-22-22.1.7-default_h2a92e99_1",
    "compiler-rt-22.1.7-h8af1aa0_0",
    "libclang-cpp22.1-22.1.7-default_h2a92e99_1",
    "compiler-rt22-22.1.7-hfefdfc9_0",
    "libcompiler-rt-22.1.7-hfefdfc9_0",
    "compiler-rt22_linux-aarch64-22.1.7-hfefdfc9_0",
    "compiler-rt_linux-aarch64-22.1.7-h8af1aa0_0",
    "binutils-2.46.1-default_hf1166c9_102",
    "llvm-openmp-22.1.8-he40846f_0",
    "libgcc-devel_linux-aarch64-16.1.0-hd673532_101",
    "sysroot_linux-aarch64-2.39-h934ec21_6",
    "kernel-headers_linux-aarch64-6.12.0-h05a177a_6",
    "binutils_impl_linux-aarch64-2.46.1-default_h5f4c503_102",
    "ld_impl_linux-aarch64-2.46.1-default_h1979696_102",
    "libllvm22-22.1.8-hfd2ba90_1",
    "libgcc-16.1.0-h205dda4_1",
    "libstdcxx-16.1.0-hef695bb_1",
    "tzdata-2026c-h151e31d_0",
    "zstd-1.5.7-h9d15635_7",
    "_openmp_mutex-4.5-20_gnu",
    "libgomp-16.1.0-h8acb6b2_1",
    "libxml2-2.15.3-h9ba8346_0",
    "libxml2-16-2.15.3-h064b767_0",
    "libzlib-1.3.2-hdc9db2a_3",
    "libiconv-1.18-h90929bb_2",
    "liblzma-5.8.3-he30d5cf_1",
]

[tools."conda:clang"."platforms.linux-x64"]
checksum = "sha256:5fb0aa5d906cf26edd713227b25e65aa9aa1864ee25bb90333dc13f1eeb1dfef"
url = "https://conda.anaconda.org/conda-forge/linux-64/clang-22.1.7-default_cfg_hcbb2b3e_1.conda"
conda_deps = [
    "clang_impl_linux-64-22.1.7-default_h0a60c25_1",
    "clang-22-22.1.7-default_h99862b1_1",
    "compiler-rt-22.1.7-ha770c72_0",
    "libclang-cpp22.1-22.1.7-default_h99862b1_1",
    "compiler-rt22-22.1.7-hb700be7_0",
    "libcompiler-rt-22.1.7-hb700be7_0",
    "compiler-rt22_linux-64-22.1.7-hffcefe0_0",
    "compiler-rt_linux-64-22.1.7-ha770c72_0",
    "binutils-2.46.1-default_h4852527_102",
    "llvm-openmp-22.1.8-h4922eb0_0",
    "libgcc-devel_linux-64-16.1.0-h59071f9_101",
    "sysroot_linux-64-2.39-hc4b9eeb_6",
    "kernel-headers_linux-64-6.12.0-he073ed8_6",
    "binutils_impl_linux-64-2.46.1-default_hfdba357_102",
    "ld_impl_linux-64-2.46.1-default_hbd61a6d_102",
    "libllvm22-22.1.8-hf7376ad_1",
    "libgcc-16.1.0-ha9f2e26_1",
    "libstdcxx-16.1.0-h934c35e_1",
    "tzdata-2026c-h151e31d_0",
    "zstd-1.5.7-hb78ec9c_7",
    "_openmp_mutex-4.5-20_gnu",
    "libgomp-16.1.0-he0feb66_1",
    "libzlib-1.3.2-h25fd6f3_3",
    "libxml2-2.15.3-h49c6c72_0",
    "libxml2-16-2.15.3-hca6bf5a_0",
    "libiconv-1.18-h3b78370_2",
    "liblzma-5.8.3-hb03c661_1",
    "icu-78.3-py310h44b86e0_2",
]

[tools."conda:clang"."platforms.windows-x64"]
checksum = "sha256:5a5b0772bf1d62acb8b4999c02c1ffdc332a7be5cc3f8c3697fce1ef81e109f1"
url = "https://conda.anaconda.org/conda-forge/win-64/clang-22.1.7-default_nocfg_hbb9487a_1.conda"
conda_deps = [
    "clang-22-22.1.7-default_hac490eb_1",
    "compiler-rt22-22.1.7-h49e36cd_0",
    "compiler-rt22_win-64-22.1.7-h49e36cd_0",
    "libzlib-1.3.2-hfd05255_3",
    "llvm-openmp-22.1.8-h4fa8253_0",
    "ucrt-10.0.26100.0-h57928b3_0",
    "vc-14.5-ha367084_41",
    "vc14_runtime-14.51.36247-habf1de7_41",
    "vcomp14-14.51.36247-habf1de7_41",
    "zstd-1.5.7-h534d264_7",
]
