# @generated - this file is auto-generated by `mise lock` https://mise.jdx.dev/dev-tools/mise-lock.html

[[tools."cargo:dart-typegen"]]
version = "0.1.14"
backend = "cargo:dart-typegen"

[[tools.dart]]
version = "3.12.1"
backend = "http:dart"

[tools.dart.options]
strip_components = "1"

[tools.dart."platforms.linux-arm64"]
checksum = "sha256:b44087930108f6d7f56bf580a02d5d2a97ff94519c5a288339982202e1b4c481"
url = "https://storage.googleapis.com/dart-archive/channels/stable/release/3.12.1/sdk/dartsdk-linux-arm64-release.zip"

[tools.dart."platforms.linux-x64"]
checksum = "sha256:6a2bbf64a133c9c86a62a532dbd3e0b4db4ac365abd456e9f9d1c5df61fcdbf8"
url = "https://storage.googleapis.com/dart-archive/channels/stable/release/3.12.1/sdk/dartsdk-linux-x64-release.zip"

[tools.dart."platforms.macos-arm64"]
checksum = "sha256:eaff3823d5a0c5cdcb65b38adf204e5f35290fcd560d48cb47c2fac7e1547b97"
url = "https://storage.googleapis.com/dart-archive/channels/stable/release/3.12.1/sdk/dartsdk-macos-arm64-release.zip"

[tools.dart."platforms.macos-x64"]
checksum = "sha256:c56b322cdbc15e0d7c373970c2e2be53bfb438458bd67c1828703e744acb7916"
url = "https://storage.googleapis.com/dart-archive/channels/stable/release/3.12.1/sdk/dartsdk-macos-x64-release.zip"

[tools.dart."platforms.windows-x64"]
checksum = "sha256:c7af2bfc518ee1c429d5c4c5914588d35efa3aae16650b0b10b5805dc9f22269"
url = "https://storage.googleapis.com/dart-archive/channels/stable/release/3.12.1/sdk/dartsdk-windows-x64-release.zip"
