# @generated - this file is auto-generated by `mise lock` https://mise.jdx.dev/dev-tools/mise-lock.html

[conda-packages.linux-arm64."_openmp_mutex-4.5-20_gnu"]
url = "https://conda.anaconda.org/conda-forge/linux-aarch64/_openmp_mutex-4.5-20_gnu.conda"
checksum = "sha256:a2527b1d81792a0ccd2c05850960df119c2b6d8f5fdec97f2db7d25dc23b1068"

[conda-packages.linux-arm64."clang-format-22-22.1.8-default_h9c9fc99_6"]
url = "https://conda.anaconda.org/conda-forge/linux-aarch64/clang-format-22-22.1.8-default_h9c9fc99_6.conda"
checksum = "sha256:d6200432d9ff21eb6c7c8fb3bc46284f734b0fcbb5012c5ee229cf021843c007"

[conda-packages.linux-arm64."clang-format-22.1.8-default_h7c587c8_6"]
url = "https://conda.anaconda.org/conda-forge/linux-aarch64/clang-format-22.1.8-default_h7c587c8_6.conda"
checksum = "sha256:f872e60a7ce3079e370650c1722d66148d41f36def051b89afd46eff7ab192f9"

[conda-packages.linux-arm64."clang-scan-deps-22.1.8-default_h9c9fc99_6"]
url = "https://conda.anaconda.org/conda-forge/linux-aarch64/clang-scan-deps-22.1.8-default_h9c9fc99_6.conda"
checksum = "sha256:8cb79c11cd584f078442173cf6ef8c0cef1d70c4dfcd113464920781acdefd7d"

[conda-packages.linux-arm64."libclang-cpp22.1-22.1.8-default_h9c9fc99_6"]
url = "https://conda.anaconda.org/conda-forge/linux-aarch64/libclang-cpp22.1-22.1.8-default_h9c9fc99_6.conda"
checksum = "sha256:c2340ee1cfe1e2aa146d8cdfe9f4dccc18bef55286b14bbd6aef5db7a93c602c"

[conda-packages.linux-arm64."libclang13-22.1.8-default_h1f00bc2_6"]
url = "https://conda.anaconda.org/conda-forge/linux-aarch64/libclang13-22.1.8-default_h1f00bc2_6.conda"
checksum = "sha256:4423fc1f50d4294faa275442e2c2af6824a592bafa97892f452ae307298073b9"

[conda-packages.linux-arm64."libgcc-16.1.0-h205dda4_1"]
url = "https://conda.anaconda.org/conda-forge/linux-aarch64/libgcc-16.1.0-h205dda4_1.conda"
checksum = "sha256:88a3d400c678df034c9d498f32503779977d5ea826063687c663e42c945abed5"

[conda-packages.linux-arm64."libgomp-16.1.0-h8acb6b2_1"]
url = "https://conda.anaconda.org/conda-forge/linux-aarch64/libgomp-16.1.0-h8acb6b2_1.conda"
checksum = "sha256:1c609a4a72597350317b92c4d9dfb85d21740219048e2b1d458925a6ccfa3d7a"

[conda-packages.linux-arm64."libiconv-1.18-h90929bb_2"]
url = "https://conda.anaconda.org/conda-forge/linux-aarch64/libiconv-1.18-h90929bb_2.conda"
checksum = "sha256:1473451cd282b48d24515795a595801c9b65b567fe399d7e12d50b2d6cdb04d9"

[conda-packages.linux-arm64."libllvm22-22.1.8-hfd2ba90_1"]
url = "https://conda.anaconda.org/conda-forge/linux-aarch64/libllvm22-22.1.8-hfd2ba90_1.conda"
checksum = "sha256:dc943f1730a27f5fb36682c9852f7196f671c3a9df4a0a7a8f7ba665637c9151"

[conda-packages.linux-arm64."liblzma-5.8.3-he30d5cf_1"]
url = "https://conda.anaconda.org/conda-forge/linux-aarch64/liblzma-5.8.3-he30d5cf_1.conda"
checksum = "sha256:f760669fd1cea27f689f411c0d5488e26ce50e382c9b63e4ad348f959850124a"

[conda-packages.linux-arm64."libstdcxx-16.1.0-hef695bb_1"]
url = "https://conda.anaconda.org/conda-forge/linux-aarch64/libstdcxx-16.1.0-hef695bb_1.conda"
checksum = "sha256:81ef9a10a0e01ffc7e03d429ed048410153411b2d8bbf95c334bdf3dcf175ab0"

[conda-packages.linux-arm64."libxml2-16-2.15.3-h064b767_0"]
url = "https://conda.anaconda.org/conda-forge/linux-aarch64/libxml2-16-2.15.3-h064b767_0.conda"
checksum = "sha256:96e9bd642c013ce3407c23b3819204ea8a591567d62b49baa4bafb2f1487326c"

[conda-packages.linux-arm64."libxml2-2.15.3-h9ba8346_0"]
url = "https://conda.anaconda.org/conda-forge/linux-aarch64/libxml2-2.15.3-h9ba8346_0.conda"
checksum = "sha256:74aa3c62e0ec4491343b95ce4ca8812ad2f9bb015369e29cb3b4b9b4302d8cb0"

[conda-packages.linux-arm64."libzlib-1.3.2-hdc9db2a_3"]
url = "https://conda.anaconda.org/conda-forge/linux-aarch64/libzlib-1.3.2-hdc9db2a_3.conda"
checksum = "sha256:76efa6cc9d7e6f5ee3bbca0939f64054af2bdfb3c3632531f8e633cf6c2ea41e"

[conda-packages.linux-arm64."zstd-1.5.7-h9d15635_7"]
url = "https://conda.anaconda.org/conda-forge/linux-aarch64/zstd-1.5.7-h9d15635_7.conda"
checksum = "sha256:427fd14bcb3b8659796fecc682716617409350fb5a98e5b7b47558a10d1a2fc7"

[conda-packages.linux-x64."_openmp_mutex-4.5-20_gnu"]
url = "https://conda.anaconda.org/conda-forge/linux-64/_openmp_mutex-4.5-20_gnu.conda"
checksum = "sha256:1dd3fffd892081df9726d7eb7e0dea6198962ba775bd88842135a4ddb4deb3c9"

[conda-packages.linux-x64."clang-format-22-22.1.8-default_h08c5240_6"]
url = "https://conda.anaconda.org/conda-forge/linux-64/clang-format-22-22.1.8-default_h08c5240_6.conda"
checksum = "sha256:8e0fb4bf20bc89b5de16357e73a8d3344db814aafcab354aecf968571e62fb21"

[conda-packages.linux-x64."clang-format-22.1.8-default_h36682a0_6"]
url = "https://conda.anaconda.org/conda-forge/linux-64/clang-format-22.1.8-default_h36682a0_6.conda"
checksum = "sha256:03a3c632e594375b1416c0baf9131596aa4b11e80a8f557f69162fd1c7aed309"

[conda-packages.linux-x64."clang-scan-deps-22.1.8-default_h08c5240_6"]
url = "https://conda.anaconda.org/conda-forge/linux-64/clang-scan-deps-22.1.8-default_h08c5240_6.conda"
checksum = "sha256:f41e133972fdd5ae6d72316b629c4c8824b40149afe584df09566689c4fe5b52"

[conda-packages.linux-x64."icu-78.3-py310h44b86e0_2"]
url = "https://conda.anaconda.org/conda-forge/linux-64/icu-78.3-py310h44b86e0_2.conda"
checksum = "sha256:9f07834f0c546ab14d885ce0366285f61f44e326c0edd1fc63b8294e113ae432"

[conda-packages.linux-x64."libclang-cpp22.1-22.1.8-default_h08c5240_6"]
url = "https://conda.anaconda.org/conda-forge/linux-64/libclang-cpp22.1-22.1.8-default_h08c5240_6.conda"
checksum = "sha256:fc2981a8e45dd232ae88cf2580f7e75c258f4dccdc96f879b68ef0a9b45c9a2b"

[conda-packages.linux-x64."libclang13-22.1.8-default_hd70ba2e_6"]
url = "https://conda.anaconda.org/conda-forge/linux-64/libclang13-22.1.8-default_hd70ba2e_6.conda"
checksum = "sha256:8475136d3be6c2d16bdb801dcaf8769cb2ba372cad239c89ebd6a58912e14465"

[conda-packages.linux-x64."libgcc-16.1.0-ha9f2e26_1"]
url = "https://conda.anaconda.org/conda-forge/linux-64/libgcc-16.1.0-ha9f2e26_1.conda"
checksum = "sha256:d5cb8475131c31680f8fd30512c418f373064e272e452063276a8fb14c9fa42f"

[conda-packages.linux-x64."libgomp-16.1.0-he0feb66_1"]
url = "https://conda.anaconda.org/conda-forge/linux-64/libgomp-16.1.0-he0feb66_1.conda"
checksum = "sha256:62cb599ad0539d99386515326d9d5e8f51f75a60c69c2131b21df76edf35bd89"

[conda-packages.linux-x64."libiconv-1.18-h3b78370_2"]
url = "https://conda.anaconda.org/conda-forge/linux-64/libiconv-1.18-h3b78370_2.conda"
checksum = "sha256:c467851a7312765447155e071752d7bf9bf44d610a5687e32706f480aad2833f"

[conda-packages.linux-x64."libllvm22-22.1.8-hf7376ad_1"]
url = "https://conda.anaconda.org/conda-forge/linux-64/libllvm22-22.1.8-hf7376ad_1.conda"
checksum = "sha256:e9b5f301d6b001a9b8ce782157f56b75c92c4fbc9eba95dc6345c1139251d13b"

[conda-packages.linux-x64."liblzma-5.8.3-hb03c661_1"]
url = "https://conda.anaconda.org/conda-forge/linux-64/liblzma-5.8.3-hb03c661_1.conda"
checksum = "sha256:9787df8c22a59c9a70d3e5a10db9ad663485e75e9ccc3f09bd092cb7b95e0dab"

[conda-packages.linux-x64."libstdcxx-16.1.0-h934c35e_1"]
url = "https://conda.anaconda.org/conda-forge/linux-64/libstdcxx-16.1.0-h934c35e_1.conda"
checksum = "sha256:79721dd08aeb0ab9e773f1f9ef41cf4e6c17477e3d72319147619045bce05a09"

[conda-packages.linux-x64."libxml2-16-2.15.3-hca6bf5a_0"]
url = "https://conda.anaconda.org/conda-forge/linux-64/libxml2-16-2.15.3-hca6bf5a_0.conda"
checksum = "sha256:3d44f737c5ae52d5af32682cc1530df433f401f8e58a7533926536244127572a"

[conda-packages.linux-x64."libxml2-2.15.3-h49c6c72_0"]
url = "https://conda.anaconda.org/conda-forge/linux-64/libxml2-2.15.3-h49c6c72_0.conda"
checksum = "sha256:3bc5551720c58591f6ea1146f7d1539c734ed1c40e7b9f5cb8cb7e900c509aba"

[conda-packages.linux-x64."libzlib-1.3.2-h25fd6f3_3"]
url = "https://conda.anaconda.org/conda-forge/linux-64/libzlib-1.3.2-h25fd6f3_3.conda"
checksum = "sha256:eb8a0db0aa570124f7d2a93d7c7f596e3390df5e047818d873baad32985fc736"

[conda-packages.linux-x64."zstd-1.5.7-hb78ec9c_7"]
url = "https://conda.anaconda.org/conda-forge/linux-64/zstd-1.5.7-hb78ec9c_7.conda"
checksum = "sha256:47d682b9f6d6ec9eb1a6e6c3e75ea6273e899e78fb7fc59f81d39745009fbc60"

[conda-packages.macos-arm64."clang-format-22-22.1.8-default_hc257da1_6"]
url = "https://conda.anaconda.org/conda-forge/osx-arm64/clang-format-22-22.1.8-default_hc257da1_6.conda"
checksum = "sha256:6006eca9bf44cf05e7de18fe9468a559b0ff90c858004ba726db82f0f728d112"

[conda-packages.macos-arm64."clang-format-22.1.8-default_h1fde8bb_6"]
url = "https://conda.anaconda.org/conda-forge/osx-arm64/clang-format-22.1.8-default_h1fde8bb_6.conda"
checksum = "sha256:39b0943dcd17275b153c87c067b54c0f8645be4839321fcd539358eb175d5195"

[conda-packages.macos-arm64."clang-scan-deps-22.1.8-default_hc257da1_6"]
url = "https://conda.anaconda.org/conda-forge/osx-arm64/clang-scan-deps-22.1.8-default_hc257da1_6.conda"
checksum = "sha256:d5ab08fccabeb9b0e081b0303ed613fa91c0210878c50d4f05cd9d6e07f6e348"

[conda-packages.macos-arm64."libclang-cpp22.1-22.1.8-default_hc257da1_6"]
url = "https://conda.anaconda.org/conda-forge/osx-arm64/libclang-cpp22.1-22.1.8-default_hc257da1_6.conda"
checksum = "sha256:5f16d1b4324284f2a360f56566867fd05c4a9dfbddff650887788f6285f956a9"

[conda-packages.macos-arm64."libclang13-22.1.8-default_hed75349_6"]
url = "https://conda.anaconda.org/conda-forge/osx-arm64/libclang13-22.1.8-default_hed75349_6.conda"
checksum = "sha256:8d7d0ecabc11a7ed0b8cccff96815d8cc1cc712affc0dcdc540d9e18f6e7158f"

[conda-packages.macos-arm64."libcxx-22.1.8-h55c6f16_0"]
url = "https://conda.anaconda.org/conda-forge/osx-arm64/libcxx-22.1.8-h55c6f16_0.conda"
checksum = "sha256:a2e7abab5add9750fab064c024394de48e49f97631c605ad5db5c8ac3fc769ef"

[conda-packages.macos-arm64."libiconv-1.18-h23cfdf5_2"]
url = "https://conda.anaconda.org/conda-forge/osx-arm64/libiconv-1.18-h23cfdf5_2.conda"
checksum = "sha256:de0336e800b2af9a40bdd694b03870ac4a848161b35c8a2325704f123f185f03"

[conda-packages.macos-arm64."libllvm22-22.1.8-h89af1be_1"]
url = "https://conda.anaconda.org/conda-forge/osx-arm64/libllvm22-22.1.8-h89af1be_1.conda"
checksum = "sha256:9c0ece5160e3d8749f43f8dd86777be4cfdb51490fb32f4d8269f8fd9866ce55"

[conda-packages.macos-arm64."liblzma-5.8.3-h8088a28_1"]
url = "https://conda.anaconda.org/conda-forge/osx-arm64/liblzma-5.8.3-h8088a28_1.conda"
checksum = "sha256:23d0630046a3e8b164d8f80f2b74ed2605af2e7050ab9913018056402fae4311"

[conda-packages.macos-arm64."libxml2-16-2.15.3-h6967ea9_0"]
url = "https://conda.anaconda.org/conda-forge/osx-arm64/libxml2-16-2.15.3-h6967ea9_0.conda"
checksum = "sha256:43895a7517c055b8893531290f9dc48bd751eb04be04f14bbce3b6c71b052be6"

[conda-packages.macos-arm64."libxml2-2.15.3-heed7d32_0"]
url = "https://conda.anaconda.org/conda-forge/osx-arm64/libxml2-2.15.3-heed7d32_0.conda"
checksum = "sha256:4d9c117b2dd222cf891710d5f6a570ebb275479979843a1477ac54ed50907b40"

[conda-packages.macos-arm64."libzlib-1.3.2-h8088a28_3"]
url = "https://conda.anaconda.org/conda-forge/osx-arm64/libzlib-1.3.2-h8088a28_3.conda"
checksum = "sha256:a18fa5d5bac452401459f966cf0d872224e8080c4ff93c77e168d43ab42ef9d7"

[conda-packages.macos-arm64."zstd-1.5.7-hf451053_7"]
url = "https://conda.anaconda.org/conda-forge/osx-arm64/zstd-1.5.7-hf451053_7.conda"
checksum = "sha256:da867f5092eb0cb746d353694f0098031fd9817a4ce7d5743121209ae0f406ca"

[conda-packages.macos-x64."clang-format-22-22.1.8-default_hf44d2de_6"]
url = "https://conda.anaconda.org/conda-forge/osx-64/clang-format-22-22.1.8-default_hf44d2de_6.conda"
checksum = "sha256:bf25063df012aa70205c8c7ebafa87451e5a93c3daea7d509cbb84bd49156acf"

[conda-packages.macos-x64."clang-format-22.1.8-default_hb28dbfe_6"]
url = "https://conda.anaconda.org/conda-forge/osx-64/clang-format-22.1.8-default_hb28dbfe_6.conda"
checksum = "sha256:c40a1105c6b0d8633ba67a5a42db9c0e43a5711a3694146f0aea4486a92e8de5"

[conda-packages.macos-x64."clang-scan-deps-22.1.8-default_hf44d2de_6"]
url = "https://conda.anaconda.org/conda-forge/osx-64/clang-scan-deps-22.1.8-default_hf44d2de_6.conda"
checksum = "sha256:85a3055f2be6150b7ab315c3b02758d1472101ebd37b3caf15eb3bf6cc629dcd"

[conda-packages.macos-x64."libclang-cpp22.1-22.1.8-default_hf44d2de_6"]
url = "https://conda.anaconda.org/conda-forge/osx-64/libclang-cpp22.1-22.1.8-default_hf44d2de_6.conda"
checksum = "sha256:e8cc65cdb55f639a2398de6fedfb8b8c46ab99a35d46cbbd9f51b616388b3717"

[conda-packages.macos-x64."libclang13-22.1.8-default_h436299c_6"]
url = "https://conda.anaconda.org/conda-forge/osx-64/libclang13-22.1.8-default_h436299c_6.conda"
checksum = "sha256:ded2c6fbff5a8843c4b23e36c625b3f0d816f9ed54a289eea976e281405119cc"

[conda-packages.macos-x64."libcxx-22.1.8-h19cb2f5_0"]
url = "https://conda.anaconda.org/conda-forge/osx-64/libcxx-22.1.8-h19cb2f5_0.conda"
checksum = "sha256:57ee997f1f800cf38abc743c0f0a9ddfe6a101c697c35510452ce6f4ddf96361"

[conda-packages.macos-x64."libiconv-1.18-h57a12c2_2"]
url = "https://conda.anaconda.org/conda-forge/osx-64/libiconv-1.18-h57a12c2_2.conda"
checksum = "sha256:a1c8cecdf9966921e13f0ae921309a1f415dfbd2b791f2117cf7e8f5e61a48b6"

[conda-packages.macos-x64."libllvm22-22.1.8-hab754da_1"]
url = "https://conda.anaconda.org/conda-forge/osx-64/libllvm22-22.1.8-hab754da_1.conda"
checksum = "sha256:c2bd652c5a6c4f0e6029786c4e59c54c09018049664006e94d674db4561238ea"

[conda-packages.macos-x64."liblzma-5.8.3-hbb4bfdb_1"]
url = "https://conda.anaconda.org/conda-forge/osx-64/liblzma-5.8.3-hbb4bfdb_1.conda"
checksum = "sha256:7915dac7c71c208e40e716e2f6d3eff41a8d5584e0e7c2d46f9bf9bd5f9aa739"

[conda-packages.macos-x64."libxml2-16-2.15.3-h0d7f165_0"]
url = "https://conda.anaconda.org/conda-forge/osx-64/libxml2-16-2.15.3-h0d7f165_0.conda"
checksum = "sha256:daa69a1dd887b2dbac44327bc5af73a4d41fa63bc6dc609782fdda9aec187895"

[conda-packages.macos-x64."libxml2-2.15.3-h0712280_0"]
url = "https://conda.anaconda.org/conda-forge/osx-64/libxml2-2.15.3-h0712280_0.conda"
checksum = "sha256:caf6e73fa53c3dec3227ea67de231b0f7009544252684e816c6f2f414aeb55c9"

[conda-packages.macos-x64."libzlib-1.3.2-hbb4bfdb_3"]
url = "https://conda.anaconda.org/conda-forge/osx-64/libzlib-1.3.2-hbb4bfdb_3.conda"
checksum = "sha256:b2dba286dd6632292b12296e761193b5ef9fb0eaeecaa481f5ba9af72c0c18e1"

[conda-packages.macos-x64."zstd-1.5.7-hbc1a06c_7"]
url = "https://conda.anaconda.org/conda-forge/osx-64/zstd-1.5.7-hbc1a06c_7.conda"
checksum = "sha256:5277886d9704a624dc9b79ac985861e1e431bdb39a57c082507ab577a138ec6c"

[conda-packages.windows-x64."clang-format-22.1.8-default_h2778606_6"]
url = "https://conda.anaconda.org/conda-forge/win-64/clang-format-22.1.8-default_h2778606_6.conda"
checksum = "sha256:7d7fd597d8d42128d7db6ac3b01bb0833a47dd31fd1d9bafe9cf36b7d209b6d0"

[conda-packages.windows-x64."libclang13-22.1.8-default_h2778606_6"]
url = "https://conda.anaconda.org/conda-forge/win-64/libclang13-22.1.8-default_h2778606_6.conda"
checksum = "sha256:ddab96250fe45da60cf3d94df81d9d0988db157e5feffa29f8e15aea53b50b16"

[conda-packages.windows-x64."libiconv-1.18-hc1393d2_2"]
url = "https://conda.anaconda.org/conda-forge/win-64/libiconv-1.18-hc1393d2_2.conda"
checksum = "sha256:0dcdb1a5f01863ac4e8ba006a8b0dc1a02d2221ec3319b5915a1863254d7efa7"

[conda-packages.windows-x64."liblzma-5.8.3-hfd05255_1"]
url = "https://conda.anaconda.org/conda-forge/win-64/liblzma-5.8.3-hfd05255_1.conda"
checksum = "sha256:d36c4a1e1f80fd08e18a407e03622ff2f34dfdd022da6488ad19603dea19e6d5"

[conda-packages.windows-x64."libxml2-16-2.15.3-h692994f_0"]
url = "https://conda.anaconda.org/conda-forge/win-64/libxml2-16-2.15.3-h692994f_0.conda"
checksum = "sha256:8038084c60eda2006d0122d05e3364fe8db0a18935ca6ed0168b5ba5aa33f904"

[conda-packages.windows-x64."libxml2-2.15.3-hbc0d294_0"]
url = "https://conda.anaconda.org/conda-forge/win-64/libxml2-2.15.3-hbc0d294_0.conda"
checksum = "sha256:da68af9d9d28d65a6916db1bef68f8a25c64c4fdcf759f32a2d2f2f143220adf"

[conda-packages.windows-x64."libzlib-1.3.2-hfd05255_3"]
url = "https://conda.anaconda.org/conda-forge/win-64/libzlib-1.3.2-hfd05255_3.conda"
checksum = "sha256:0629c2cc0404d3bb29d6baa7b4ba62da80797015e86de050db81ea5a07050527"

[conda-packages.windows-x64."llvm-openmp-22.1.8-h4fa8253_0"]
url = "https://conda.anaconda.org/conda-forge/win-64/llvm-openmp-22.1.8-h4fa8253_0.conda"
checksum = "sha256:50c02902bb516eeb56680358f052be38b5bf74b40e78ea4b2a675e84957e7307"

[conda-packages.windows-x64."ucrt-10.0.26100.0-h57928b3_0"]
url = "https://conda.anaconda.org/conda-forge/win-64/ucrt-10.0.26100.0-h57928b3_0.conda"
checksum = "sha256:3005729dce6f3d3f5ec91dfc49fc75a0095f9cd23bab49efb899657297ac91a5"

[conda-packages.windows-x64."vc-14.5-ha367084_41"]
url = "https://conda.anaconda.org/conda-forge/win-64/vc-14.5-ha367084_41.conda"
checksum = "sha256:35444c55a92e2f7f7ba26bc70f81e56e52344f7d064c0fd4b40a46a58517b79c"

[conda-packages.windows-x64."vc14_runtime-14.51.36247-habf1de7_41"]
url = "https://conda.anaconda.org/conda-forge/win-64/vc14_runtime-14.51.36247-habf1de7_41.conda"
checksum = "sha256:4e4cb599cdc41bf2109d1464c127b5bcbddf548ce3e322e612afb691338b48f8"

[conda-packages.windows-x64."vcomp14-14.51.36247-habf1de7_41"]
url = "https://conda.anaconda.org/conda-forge/win-64/vcomp14-14.51.36247-habf1de7_41.conda"
checksum = "sha256:731e043390c9457299484d39e427221fc868a9249540a498a5a4f6456c7744d1"

[conda-packages.windows-x64."zstd-1.5.7-h534d264_7"]
url = "https://conda.anaconda.org/conda-forge/win-64/zstd-1.5.7-h534d264_7.conda"
checksum = "sha256:ca7daae4f218a11fab82cc2857f0ea518ec3f46acec60490485347a4c22c6b3e"

[[tools."conda:clang-format"]]
version = "22.1.8"
backend = "conda:clang-format"

[tools."conda:clang-format".options]
channel = "conda-forge"

[tools."conda:clang-format"."platforms.linux-arm64"]
checksum = "sha256:f872e60a7ce3079e370650c1722d66148d41f36def051b89afd46eff7ab192f9"
url = "https://conda.anaconda.org/conda-forge/linux-aarch64/clang-format-22.1.8-default_h7c587c8_6.conda"
conda_deps = [
    "clang-format-22-22.1.8-default_h9c9fc99_6",
    "libclang-cpp22.1-22.1.8-default_h9c9fc99_6",
    "libzlib-1.3.2-hdc9db2a_3",
    "libstdcxx-16.1.0-hef695bb_1",
    "libgcc-16.1.0-h205dda4_1",
    "zstd-1.5.7-h9d15635_7",
    "libxml2-2.15.3-h9ba8346_0",
    "libxml2-16-2.15.3-h064b767_0",
    "libllvm22-22.1.8-hfd2ba90_1",
    "_openmp_mutex-4.5-20_gnu",
    "libgomp-16.1.0-h8acb6b2_1",
    "libiconv-1.18-h90929bb_2",
    "liblzma-5.8.3-he30d5cf_1",
]

[tools."conda:clang-format"."platforms.linux-x64"]
checksum = "sha256:03a3c632e594375b1416c0baf9131596aa4b11e80a8f557f69162fd1c7aed309"
url = "https://conda.anaconda.org/conda-forge/linux-64/clang-format-22.1.8-default_h36682a0_6.conda"
conda_deps = [
    "clang-format-22-22.1.8-default_h08c5240_6",
    "libclang-cpp22.1-22.1.8-default_h08c5240_6",
    "libzlib-1.3.2-h25fd6f3_3",
    "libstdcxx-16.1.0-h934c35e_1",
    "libgcc-16.1.0-ha9f2e26_1",
    "zstd-1.5.7-hb78ec9c_7",
    "libxml2-2.15.3-h49c6c72_0",
    "libxml2-16-2.15.3-hca6bf5a_0",
    "libllvm22-22.1.8-hf7376ad_1",
    "_openmp_mutex-4.5-20_gnu",
    "libgomp-16.1.0-he0feb66_1",
    "libiconv-1.18-h3b78370_2",
    "liblzma-5.8.3-hb03c661_1",
    "icu-78.3-py310h44b86e0_2",
]

[tools."conda:clang-format"."platforms.macos-arm64"]
checksum = "sha256:39b0943dcd17275b153c87c067b54c0f8645be4839321fcd539358eb175d5195"
url = "https://conda.anaconda.org/conda-forge/osx-arm64/clang-format-22.1.8-default_h1fde8bb_6.conda"
conda_deps = [
    "libcxx-22.1.8-h55c6f16_0",
    "clang-format-22-22.1.8-default_hc257da1_6",
    "libclang-cpp22.1-22.1.8-default_hc257da1_6",
    "libzlib-1.3.2-h8088a28_3",
    "libxml2-2.15.3-heed7d32_0",
    "libxml2-16-2.15.3-h6967ea9_0",
    "zstd-1.5.7-hf451053_7",
    "libllvm22-22.1.8-h89af1be_1",
    "libiconv-1.18-h23cfdf5_2",
    "liblzma-5.8.3-h8088a28_1",
]

[tools."conda:clang-format"."platforms.macos-x64"]
checksum = "sha256:c40a1105c6b0d8633ba67a5a42db9c0e43a5711a3694146f0aea4486a92e8de5"
url = "https://conda.anaconda.org/conda-forge/osx-64/clang-format-22.1.8-default_hb28dbfe_6.conda"
conda_deps = [
    "libcxx-22.1.8-h19cb2f5_0",
    "clang-format-22-22.1.8-default_hf44d2de_6",
    "libclang-cpp22.1-22.1.8-default_hf44d2de_6",
    "libzlib-1.3.2-hbb4bfdb_3",
    "zstd-1.5.7-hbc1a06c_7",
    "libxml2-2.15.3-h0712280_0",
    "libxml2-16-2.15.3-h0d7f165_0",
    "libllvm22-22.1.8-hab754da_1",
    "libiconv-1.18-h57a12c2_2",
    "liblzma-5.8.3-hbb4bfdb_1",
]

[tools."conda:clang-format"."platforms.windows-x64"]
checksum = "sha256:7d7fd597d8d42128d7db6ac3b01bb0833a47dd31fd1d9bafe9cf36b7d209b6d0"
url = "https://conda.anaconda.org/conda-forge/win-64/clang-format-22.1.8-default_h2778606_6.conda"
conda_deps = [
    "llvm-openmp-22.1.8-h4fa8253_0",
    "vc-14.5-ha367084_41",
    "vc14_runtime-14.51.36247-habf1de7_41",
    "vcomp14-14.51.36247-habf1de7_41",
    "ucrt-10.0.26100.0-h57928b3_0",
    "libzlib-1.3.2-hfd05255_3",
    "libxml2-2.15.3-hbc0d294_0",
    "libxml2-16-2.15.3-h692994f_0",
    "zstd-1.5.7-h534d264_7",
    "libiconv-1.18-hc1393d2_2",
    "liblzma-5.8.3-hfd05255_1",
]

[[tools."conda:clang-tools"]]
version = "22.1.8"
backend = "conda:clang-tools"

[tools."conda:clang-tools".options]
channel = "conda-forge"

[tools."conda:clang-tools"."platforms.linux-arm64"]
checksum = "sha256:e18aa9d93495e9aac9d163d33013f5bde074ee5e744bf10f34aa98f7fb3df727"
url = "https://conda.anaconda.org/conda-forge/linux-aarch64/clang-tools-22.1.8-default_h1b0c604_6.conda"
conda_deps = [
    "clang-scan-deps-22.1.8-default_h9c9fc99_6",
    "clang-format-22.1.8-default_h7c587c8_6",
    "clang-format-22-22.1.8-default_h9c9fc99_6",
    "libzlib-1.3.2-hdc9db2a_3",
    "libllvm22-22.1.8-hfd2ba90_1",
    "libclang13-22.1.8-default_h1f00bc2_6",
    "libclang-cpp22.1-22.1.8-default_h9c9fc99_6",
    "libstdcxx-16.1.0-hef695bb_1",
    "libgcc-16.1.0-h205dda4_1",
    "zstd-1.5.7-h9d15635_7",
    "libxml2-2.15.3-h9ba8346_0",
    "libxml2-16-2.15.3-h064b767_0",
    "_openmp_mutex-4.5-20_gnu",
    "libgomp-16.1.0-h8acb6b2_1",
    "libiconv-1.18-h90929bb_2",
    "liblzma-5.8.3-he30d5cf_1",
]

[tools."conda:clang-tools"."platforms.linux-x64"]
checksum = "sha256:ce6381b8a5d144d38d092c9cd9bfcf2fc303b9bf5bb45ddf3691767a1b3cdceb"
url = "https://conda.anaconda.org/conda-forge/linux-64/clang-tools-22.1.8-default_h1af49a9_6.conda"
conda_deps = [
    "clang-scan-deps-22.1.8-default_h08c5240_6",
    "clang-format-22.1.8-default_h36682a0_6",
    "clang-format-22-22.1.8-default_h08c5240_6",
    "libzlib-1.3.2-h25fd6f3_3",
    "libllvm22-22.1.8-hf7376ad_1",
    "libclang13-22.1.8-default_hd70ba2e_6",
    "libclang-cpp22.1-22.1.8-default_h08c5240_6",
    "libstdcxx-16.1.0-h934c35e_1",
    "libgcc-16.1.0-ha9f2e26_1",
    "zstd-1.5.7-hb78ec9c_7",
    "libxml2-2.15.3-h49c6c72_0",
    "libxml2-16-2.15.3-hca6bf5a_0",
    "_openmp_mutex-4.5-20_gnu",
    "libgomp-16.1.0-he0feb66_1",
    "libiconv-1.18-h3b78370_2",
    "liblzma-5.8.3-hb03c661_1",
    "icu-78.3-py310h44b86e0_2",
]

[tools."conda:clang-tools"."platforms.macos-arm64"]
checksum = "sha256:a27f988b3319ec1b62c3cfbe0538936e5feb061ac95154147fb60d80b03ebb86"
url = "https://conda.anaconda.org/conda-forge/osx-arm64/clang-tools-22.1.8-default_ha2fb705_6.conda"
conda_deps = [
    "libcxx-22.1.8-h55c6f16_0",
    "clang-scan-deps-22.1.8-default_hc257da1_6",
    "clang-format-22.1.8-default_h1fde8bb_6",
    "clang-format-22-22.1.8-default_hc257da1_6",
    "libzlib-1.3.2-h8088a28_3",
    "libllvm22-22.1.8-h89af1be_1",
    "libclang13-22.1.8-default_hed75349_6",
    "libclang-cpp22.1-22.1.8-default_hc257da1_6",
    "libxml2-2.15.3-heed7d32_0",
    "libxml2-16-2.15.3-h6967ea9_0",
    "zstd-1.5.7-hf451053_7",
    "libiconv-1.18-h23cfdf5_2",
    "liblzma-5.8.3-h8088a28_1",
]

[tools."conda:clang-tools"."platforms.macos-x64"]
checksum = "sha256:72e87297ad39e8588dc77e6e8046eb9f2483490c339650e2cd9473051ef7c45e"
url = "https://conda.anaconda.org/conda-forge/osx-64/clang-tools-22.1.8-default_h66fc4d7_6.conda"
conda_deps = [
    "libcxx-22.1.8-h19cb2f5_0",
    "clang-scan-deps-22.1.8-default_hf44d2de_6",
    "clang-format-22.1.8-default_hb28dbfe_6",
    "clang-format-22-22.1.8-default_hf44d2de_6",
    "libzlib-1.3.2-hbb4bfdb_3",
    "libllvm22-22.1.8-hab754da_1",
    "libclang13-22.1.8-default_h436299c_6",
    "libclang-cpp22.1-22.1.8-default_hf44d2de_6",
    "zstd-1.5.7-hbc1a06c_7",
    "libxml2-2.15.3-h0712280_0",
    "libxml2-16-2.15.3-h0d7f165_0",
    "libiconv-1.18-h57a12c2_2",
    "liblzma-5.8.3-hbb4bfdb_1",
]

[tools."conda:clang-tools"."platforms.windows-x64"]
checksum = "sha256:7e60f758c602149d4bc39ea359e9cf1173f715013a44566f56a6580b4fe76a9d"
url = "https://conda.anaconda.org/conda-forge/win-64/clang-tools-22.1.8-default_hd9aebca_6.conda"
conda_deps = [
    "llvm-openmp-22.1.8-h4fa8253_0",
    "clang-format-22.1.8-default_h2778606_6",
    "libzlib-1.3.2-hfd05255_3",
    "libclang13-22.1.8-default_h2778606_6",
    "ucrt-10.0.26100.0-h57928b3_0",
    "vc-14.5-ha367084_41",
    "vc14_runtime-14.51.36247-habf1de7_41",
    "vcomp14-14.51.36247-habf1de7_41",
    "libxml2-2.15.3-hbc0d294_0",
    "libxml2-16-2.15.3-h692994f_0",
    "zstd-1.5.7-h534d264_7",
    "libiconv-1.18-hc1393d2_2",
    "liblzma-5.8.3-hfd05255_1",
]

[[tools."github:christianhelle/openapi2zig"]]
version = "0.4.2"
backend = "github:christianhelle/openapi2zig"

[tools."github:christianhelle/openapi2zig"."platforms.linux-x64"]
checksum = "sha256:15071956b818767867b687b8f9db36899e3e397691aa005150050e76dc2b6d81"
url = "https://github.com/christianhelle/openapi2zig/releases/download/v0.4.2/openapi2zig-linux-x86_64.tar.gz"
url_api = "https://api.github.com/repos/christianhelle/openapi2zig/releases/assets/495403966"

[tools."github:christianhelle/openapi2zig"."platforms.macos-arm64"]
checksum = "sha256:c3a6607ed3fd734a5e424f4244b8ed91f228ab47b5c59c749cb5ad5e17ad2866"
url = "https://github.com/christianhelle/openapi2zig/releases/download/v0.4.2/openapi2zig-macos-aarch64.tar.gz"
url_api = "https://api.github.com/repos/christianhelle/openapi2zig/releases/assets/495403964"

[tools."github:christianhelle/openapi2zig"."platforms.macos-x64"]
checksum = "sha256:7e30f6f9e1335cfd04b463bf98715ffe59a0bf1e60a34d7296fb017d61d42276"
url = "https://github.com/christianhelle/openapi2zig/releases/download/v0.4.2/openapi2zig-macos-x86_64.tar.gz"
url_api = "https://api.github.com/repos/christianhelle/openapi2zig/releases/assets/495403963"

[tools."github:christianhelle/openapi2zig"."platforms.windows-x64"]
checksum = "sha256:e8704c9e59087fb302ecabb76e86bc0a6a623cbf5d2392ac5ecf0f9710a167b4"
url = "https://github.com/christianhelle/openapi2zig/releases/download/v0.4.2/openapi2zig-windows-x86_64.zip"
url_api = "https://api.github.com/repos/christianhelle/openapi2zig/releases/assets/495403965"

[[tools."github:mstorsjo/llvm-mingw"]]
version = "20260602"
backend = "github:mstorsjo/llvm-mingw"

[tools."github:mstorsjo/llvm-mingw"."platforms.linux-arm64"]
checksum = "sha256:e71b61c968f65f94ed3878ca22ab663d7854d91c053c1b8a824ac2f1c9a18503"
url = "https://github.com/mstorsjo/llvm-mingw/releases/download/20260602/llvm-mingw-20260602-ucrt-ubuntu-22.04-aarch64.tar.xz"
url_api = "https://api.github.com/repos/mstorsjo/llvm-mingw/releases/assets/436527747"

[tools."github:mstorsjo/llvm-mingw"."platforms.linux-x64"]
checksum = "sha256:9d191203f9768ead60662d3ae53cdf28e0a28b1e6d44b7f329b9202cb2add337"
url = "https://github.com/mstorsjo/llvm-mingw/releases/download/20260602/llvm-mingw-20260602-ucrt-ubuntu-22.04-x86_64.tar.xz"
url_api = "https://api.github.com/repos/mstorsjo/llvm-mingw/releases/assets/436527746"

[tools."github:mstorsjo/llvm-mingw"."platforms.macos-arm64"]
checksum = "sha256:d3310f9b86b368900850af8bc95da20648f9fc6b0be3bb64dbf8fb18d7c0894f"
url = "https://github.com/mstorsjo/llvm-mingw/releases/download/20260602/llvm-mingw-20260602-ucrt-macos-universal.tar.xz"
url_api = "https://api.github.com/repos/mstorsjo/llvm-mingw/releases/assets/436527744"

[tools."github:mstorsjo/llvm-mingw"."platforms.macos-x64"]
checksum = "sha256:d3310f9b86b368900850af8bc95da20648f9fc6b0be3bb64dbf8fb18d7c0894f"
url = "https://github.com/mstorsjo/llvm-mingw/releases/download/20260602/llvm-mingw-20260602-ucrt-macos-universal.tar.xz"
url_api = "https://api.github.com/repos/mstorsjo/llvm-mingw/releases/assets/436527744"

[tools."github:mstorsjo/llvm-mingw"."platforms.windows-x64"]
checksum = "sha256:3de3eda9377bbaf35f8c9001f190380f63b8ee981fa55d3ae9d7cce7c6ad7c70"
url = "https://github.com/mstorsjo/llvm-mingw/releases/download/20260602/llvm-mingw-20260602-ucrt-x86_64.zip"
url_api = "https://api.github.com/repos/mstorsjo/llvm-mingw/releases/assets/436527884"

[[tools."pipx:cpplint"]]
version = "2.0.2"
backend = "pipx:cpplint"

[[tools."pipx:flawfinder"]]
version = "2.0.20"
backend = "pipx:flawfinder"

[[tools.zig]]
version = "0.16.0"
backend = "core:zig"

[tools.zig."platforms.linux-arm64"]
checksum = "sha256:ea4b09bfb22ec6f6c6ceac57ab63efb6b46e17ab08d21f69f3a48b38e1534f17"
url = "https://ziglang.org/download/0.16.0/zig-aarch64-linux-0.16.0.tar.xz"

[tools.zig."platforms.linux-x64"]
checksum = "sha256:70e49664a74374b48b51e6f3fdfbf437f6395d42509050588bd49abe52ba3d00"
url = "https://ziglang.org/download/0.16.0/zig-x86_64-linux-0.16.0.tar.xz"

[tools.zig."platforms.macos-arm64"]
checksum = "sha256:b23d70deaa879b5c2d486ed3316f7eaa53e84acf6fc9cc747de152450d401489"
url = "https://ziglang.org/download/0.16.0/zig-aarch64-macos-0.16.0.tar.xz"

[tools.zig."platforms.macos-x64"]
checksum = "sha256:0387557ed1877bc6a2e1802c8391953baddba76081876301c522f52977b52ba7"
url = "https://ziglang.org/download/0.16.0/zig-x86_64-macos-0.16.0.tar.xz"

[tools.zig."platforms.windows-x64"]
checksum = "sha256:68659eb5f1e4eb1437a722f1dd889c5a322c9954607f5edcf337bc3684a75a7e"
url = "https://ziglang.org/download/0.16.0/zig-x86_64-windows-0.16.0.zip"
