# @generated - this file is auto-generated by `mise lock` https://mise.jdx.dev/dev-tools/mise-lock.html

[[tools."http:webr"]]
version = "0.6.0"
backend = "http:webr"

[tools."http:webr"."platforms.linux-arm64"]
url = "https://github.com/r-wasm/webr/releases/download/v0.6.0/webr-0.6.0.tar.gz"

[tools."http:webr"."platforms.linux-x64"]
url = "https://github.com/r-wasm/webr/releases/download/v0.6.0/webr-0.6.0.tar.gz"

[tools."http:webr"."platforms.macos-arm64"]
url = "https://github.com/r-wasm/webr/releases/download/v0.6.0/webr-0.6.0.tar.gz"

[tools."http:webr"."platforms.macos-x64"]
url = "https://github.com/r-wasm/webr/releases/download/v0.6.0/webr-0.6.0.tar.gz"

[tools."http:webr"."platforms.windows-x64"]
url = "https://github.com/r-wasm/webr/releases/download/v0.6.0/webr-0.6.0.tar.gz"
